
Microsoft Visual Studio Solution File, Format Version 12.00
# Visual Studio 15
VisualStudioVersion = 15.0.27130.2036
MinimumVisualStudioVersion = 10.0.40219.1
Project("{9A19103F-16F7-4668-BE54-9A1E7A4F7556}") = "UniversalSerializer 3 for NET Core", "UniversalSerializer 3 for NET Core\UniversalSerializer 3 for NET Core.csproj", "{E0DE9FA1-24FB-4FE9-9B0D-A016CDC8C28A}"
EndProject
Project("{9A19103F-16F7-4668-BE54-9A1E7A4F7556}") = "Tester for NET Core", "Tester for NET Core\Tester for NET Core.csproj", "{B6EEE1D1-F03B-412E-AAFC-12FCCAC40759}"
	ProjectSection(ProjectDependencies) = postProject
		{718F53FD-1433-462E-BBA3-CE919510D57B} = {718F53FD-1433-462E-BBA3-CE919510D57B}
	EndProjectSection
EndProject
Project("{9A19103F-16F7-4668-BE54-9A1E7A4F7556}") = "TestTypes NET Core", "..\..\Common tests\TestTypes NET Core\TestTypes NET Core.csproj", "{4EEBD39B-89BD-4B88-B558-1D87392BCA49}"
EndProject
Project("{9A19103F-16F7-4668-BE54-9A1E7A4F7556}") = "ExternalModifiers", "..\..\Common tests\ExternalModifiers NET Core\ExternalModifiers.csproj", "{718F53FD-1433-462E-BBA3-CE919510D57B}"
EndProject
Global
	GlobalSection(SolutionConfigurationPlatforms) = preSolution
		Debug|Any CPU = Debug|Any CPU
		Release|Any CPU = Release|Any CPU
	EndGlobalSection
	GlobalSection(ProjectConfigurationPlatforms) = postSolution
		{E0DE9FA1-24FB-4FE9-9B0D-A016CDC8C28A}.Debug|Any CPU.ActiveCfg = Debug|Any CPU
		{E0DE9FA1-24FB-4FE9-9B0D-A016CDC8C28A}.Debug|Any CPU.Build.0 = Debug|Any CPU
		{E0DE9FA1-24FB-4FE9-9B0D-A016CDC8C28A}.Release|Any CPU.ActiveCfg = Release|Any CPU
		{E0DE9FA1-24FB-4FE9-9B0D-A016CDC8C28A}.Release|Any CPU.Build.0 = Release|Any CPU
		{B6EEE1D1-F03B-412E-AAFC-12FCCAC40759}.Debug|Any CPU.ActiveCfg = Debug|Any CPU
		{B6EEE1D1-F03B-412E-AAFC-12FCCAC40759}.Debug|Any CPU.Build.0 = Debug|Any CPU
		{B6EEE1D1-F03B-412E-AAFC-12FCCAC40759}.Release|Any CPU.ActiveCfg = Release|Any CPU
		{B6EEE1D1-F03B-412E-AAFC-12FCCAC40759}.Release|Any CPU.Build.0 = Release|Any CPU
		{4EEBD39B-89BD-4B88-B558-1D87392BCA49}.Debug|Any CPU.ActiveCfg = Debug|Any CPU
		{4EEBD39B-89BD-4B88-B558-1D87392BCA49}.Debug|Any CPU.Build.0 = Debug|Any CPU
		{4EEBD39B-89BD-4B88-B558-1D87392BCA49}.Release|Any CPU.ActiveCfg = Release|Any CPU
		{4EEBD39B-89BD-4B88-B558-1D87392BCA49}.Release|Any CPU.Build.0 = Release|Any CPU
		{718F53FD-1433-462E-BBA3-CE919510D57B}.Debug|Any CPU.ActiveCfg = Debug|Any CPU
		{718F53FD-1433-462E-BBA3-CE919510D57B}.Debug|Any CPU.Build.0 = Debug|Any CPU
		{718F53FD-1433-462E-BBA3-CE919510D57B}.Release|Any CPU.ActiveCfg = Release|Any CPU
		{718F53FD-1433-462E-BBA3-CE919510D57B}.Release|Any CPU.Build.0 = Release|Any CPU
	EndGlobalSection
	GlobalSection(SolutionProperties) = preSolution
		HideSolutionNode = FALSE
	EndGlobalSection
	GlobalSection(ExtensibilityGlobals) = postSolution
		SolutionGuid = {797D4724-F5B6-42C9-B6D5-FCA1FA7A1A06}
	EndGlobalSection
EndGlobal
