
Microsoft Visual Studio Solution File, Format Version 12.00
# Visual Studio 15
VisualStudioVersion = 15.0.27130.2036
MinimumVisualStudioVersion = 10.0.40219.1
Project("{FAE04EC0-301F-11D3-BF4B-00C04F79EFBC}") = "Tester.Android", "Tester\Tester.Android\Tester.Android.csproj", "{6F043AE0-B0D5-448E-9C70-92B9AFC72A8E}"
	ProjectSection(ProjectDependencies) = postProject
		{C45D6812-DA8C-44CC-860E-D709D29C1BA7} = {C45D6812-DA8C-44CC-860E-D709D29C1BA7}
	EndProjectSection
EndProject
Project("{FAE04EC0-301F-11D3-BF4B-00C04F79EFBC}") = "Tester.iOS", "Tester\Tester.iOS\Tester.iOS.csproj", "{DB32335A-3267-43EB-94CC-386DE084025F}"
	ProjectSection(ProjectDependencies) = postProject
		{C45D6812-DA8C-44CC-860E-D709D29C1BA7} = {C45D6812-DA8C-44CC-860E-D709D29C1BA7}
	EndProjectSection
EndProject
Project("{FAE04EC0-301F-11D3-BF4B-00C04F79EFBC}") = "Tester.UWP", "Tester\Tester.UWP\Tester.UWP.csproj", "{DD8E0BA8-0C52-44EB-879F-859AF25B360D}"
	ProjectSection(ProjectDependencies) = postProject
		{C45D6812-DA8C-44CC-860E-D709D29C1BA7} = {C45D6812-DA8C-44CC-860E-D709D29C1BA7}
	EndProjectSection
EndProject
Project("{9A19103F-16F7-4668-BE54-9A1E7A4F7556}") = "Tester", "Tester\Tester\Tester.csproj", "{42FCDB0B-5978-4B1C-B8CD-496493B43093}"
	ProjectSection(ProjectDependencies) = postProject
		{C45D6812-DA8C-44CC-860E-D709D29C1BA7} = {C45D6812-DA8C-44CC-860E-D709D29C1BA7}
	EndProjectSection
EndProject
Project("{9A19103F-16F7-4668-BE54-9A1E7A4F7556}") = "UniversalSerializer 3 for NET Standard", "..\NET Standard 2\UniversalSerializer 3 for NET Standard.csproj", "{B43B3AD8-5878-41ED-9432-7C370AB26F46}"
EndProject
Project("{9A19103F-16F7-4668-BE54-9A1E7A4F7556}") = "ExternalModifiers NET Standard", "..\..\Common tests\ExternalModifiers NET Standard\ExternalModifiers NET Standard.csproj", "{C45D6812-DA8C-44CC-860E-D709D29C1BA7}"
EndProject
Project("{9A19103F-16F7-4668-BE54-9A1E7A4F7556}") = "TestTypes NET Standard", "..\..\Common tests\TestTypes NET Standard\TestTypes NET Standard.csproj", "{BD4244BD-EB40-42B9-ABB9-9A754E78043D}"
EndProject
Global
	GlobalSection(SolutionConfigurationPlatforms) = preSolution
		Ad-Hoc|Any CPU = Ad-Hoc|Any CPU
		Ad-Hoc|ARM = Ad-Hoc|ARM
		Ad-Hoc|iPhone = Ad-Hoc|iPhone
		Ad-Hoc|iPhoneSimulator = Ad-Hoc|iPhoneSimulator
		Ad-Hoc|x64 = Ad-Hoc|x64
		Ad-Hoc|x86 = Ad-Hoc|x86
		AppStore|Any CPU = AppStore|Any CPU
		AppStore|ARM = AppStore|ARM
		AppStore|iPhone = AppStore|iPhone
		AppStore|iPhoneSimulator = AppStore|iPhoneSimulator
		AppStore|x64 = AppStore|x64
		AppStore|x86 = AppStore|x86
		Debug|Any CPU = Debug|Any CPU
		Debug|ARM = Debug|ARM
		Debug|iPhone = Debug|iPhone
		Debug|iPhoneSimulator = Debug|iPhoneSimulator
		Debug|x64 = Debug|x64
		Debug|x86 = Debug|x86
		Release|Any CPU = Release|Any CPU
		Release|ARM = Release|ARM
		Release|iPhone = Release|iPhone
		Release|iPhoneSimulator = Release|iPhoneSimulator
		Release|x64 = Release|x64
		Release|x86 = Release|x86
	EndGlobalSection
	GlobalSection(ProjectConfigurationPlatforms) = postSolution
		{6F043AE0-B0D5-448E-9C70-92B9AFC72A8E}.Ad-Hoc|Any CPU.ActiveCfg = Release|Any CPU
		{6F043AE0-B0D5-448E-9C70-92B9AFC72A8E}.Ad-Hoc|Any CPU.Build.0 = Release|Any CPU
		{6F043AE0-B0D5-448E-9C70-92B9AFC72A8E}.Ad-Hoc|Any CPU.Deploy.0 = Release|Any CPU
		{6F043AE0-B0D5-448E-9C70-92B9AFC72A8E}.Ad-Hoc|ARM.ActiveCfg = Release|Any CPU
		{6F043AE0-B0D5-448E-9C70-92B9AFC72A8E}.Ad-Hoc|ARM.Build.0 = Release|Any CPU
		{6F043AE0-B0D5-448E-9C70-92B9AFC72A8E}.Ad-Hoc|ARM.Deploy.0 = Release|Any CPU
		{6F043AE0-B0D5-448E-9C70-92B9AFC72A8E}.Ad-Hoc|iPhone.ActiveCfg = Release|Any CPU
		{6F043AE0-B0D5-448E-9C70-92B9AFC72A8E}.Ad-Hoc|iPhone.Build.0 = Release|Any CPU
		{6F043AE0-B0D5-448E-9C70-92B9AFC72A8E}.Ad-Hoc|iPhone.Deploy.0 = Release|Any CPU
		{6F043AE0-B0D5-448E-9C70-92B9AFC72A8E}.Ad-Hoc|iPhoneSimulator.ActiveCfg = Release|Any CPU
		{6F043AE0-B0D5-448E-9C70-92B9AFC72A8E}.Ad-Hoc|iPhoneSimulator.Build.0 = Release|Any CPU
		{6F043AE0-B0D5-448E-9C70-92B9AFC72A8E}.Ad-Hoc|iPhoneSimulator.Deploy.0 = Release|Any CPU
		{6F043AE0-B0D5-448E-9C70-92B9AFC72A8E}.Ad-Hoc|x64.ActiveCfg = Release|Any CPU
		{6F043AE0-B0D5-448E-9C70-92B9AFC72A8E}.Ad-Hoc|x64.Build.0 = Release|Any CPU
		{6F043AE0-B0D5-448E-9C70-92B9AFC72A8E}.Ad-Hoc|x64.Deploy.0 = Release|Any CPU
		{6F043AE0-B0D5-448E-9C70-92B9AFC72A8E}.Ad-Hoc|x86.ActiveCfg = Release|Any CPU
		{6F043AE0-B0D5-448E-9C70-92B9AFC72A8E}.Ad-Hoc|x86.Build.0 = Release|Any CPU
		{6F043AE0-B0D5-448E-9C70-92B9AFC72A8E}.Ad-Hoc|x86.Deploy.0 = Release|Any CPU
		{6F043AE0-B0D5-448E-9C70-92B9AFC72A8E}.AppStore|Any CPU.ActiveCfg = Release|Any CPU
		{6F043AE0-B0D5-448E-9C70-92B9AFC72A8E}.AppStore|Any CPU.Build.0 = Release|Any CPU
		{6F043AE0-B0D5-448E-9C70-92B9AFC72A8E}.AppStore|Any CPU.Deploy.0 = Release|Any CPU
		{6F043AE0-B0D5-448E-9C70-92B9AFC72A8E}.AppStore|ARM.ActiveCfg = Release|Any CPU
		{6F043AE0-B0D5-448E-9C70-92B9AFC72A8E}.AppStore|ARM.Build.0 = Release|Any CPU
		{6F043AE0-B0D5-448E-9C70-92B9AFC72A8E}.AppStore|ARM.Deploy.0 = Release|Any CPU
		{6F043AE0-B0D5-448E-9C70-92B9AFC72A8E}.AppStore|iPhone.ActiveCfg = Release|Any CPU
		{6F043AE0-B0D5-448E-9C70-92B9AFC72A8E}.AppStore|iPhone.Build.0 = Release|Any CPU
		{6F043AE0-B0D5-448E-9C70-92B9AFC72A8E}.AppStore|iPhone.Deploy.0 = Release|Any CPU
		{6F043AE0-B0D5-448E-9C70-92B9AFC72A8E}.AppStore|iPhoneSimulator.ActiveCfg = Release|Any CPU
		{6F043AE0-B0D5-448E-9C70-92B9AFC72A8E}.AppStore|iPhoneSimulator.Build.0 = Release|Any CPU
		{6F043AE0-B0D5-448E-9C70-92B9AFC72A8E}.AppStore|iPhoneSimulator.Deploy.0 = Release|Any CPU
		{6F043AE0-B0D5-448E-9C70-92B9AFC72A8E}.AppStore|x64.ActiveCfg = Release|Any CPU
		{6F043AE0-B0D5-448E-9C70-92B9AFC72A8E}.AppStore|x64.Build.0 = Release|Any CPU
		{6F043AE0-B0D5-448E-9C70-92B9AFC72A8E}.AppStore|x64.Deploy.0 = Release|Any CPU
		{6F043AE0-B0D5-448E-9C70-92B9AFC72A8E}.AppStore|x86.ActiveCfg = Release|Any CPU
		{6F043AE0-B0D5-448E-9C70-92B9AFC72A8E}.AppStore|x86.Build.0 = Release|Any CPU
		{6F043AE0-B0D5-448E-9C70-92B9AFC72A8E}.AppStore|x86.Deploy.0 = Release|Any CPU
		{6F043AE0-B0D5-448E-9C70-92B9AFC72A8E}.Debug|Any CPU.ActiveCfg = Debug|Any CPU
		{6F043AE0-B0D5-448E-9C70-92B9AFC72A8E}.Debug|Any CPU.Build.0 = Debug|Any CPU
		{6F043AE0-B0D5-448E-9C70-92B9AFC72A8E}.Debug|Any CPU.Deploy.0 = Debug|Any CPU
		{6F043AE0-B0D5-448E-9C70-92B9AFC72A8E}.Debug|ARM.ActiveCfg = Debug|Any CPU
		{6F043AE0-B0D5-448E-9C70-92B9AFC72A8E}.Debug|ARM.Build.0 = Debug|Any CPU
		{6F043AE0-B0D5-448E-9C70-92B9AFC72A8E}.Debug|ARM.Deploy.0 = Debug|Any CPU
		{6F043AE0-B0D5-448E-9C70-92B9AFC72A8E}.Debug|iPhone.ActiveCfg = Debug|Any CPU
		{6F043AE0-B0D5-448E-9C70-92B9AFC72A8E}.Debug|iPhone.Build.0 = Debug|Any CPU
		{6F043AE0-B0D5-448E-9C70-92B9AFC72A8E}.Debug|iPhone.Deploy.0 = Debug|Any CPU
		{6F043AE0-B0D5-448E-9C70-92B9AFC72A8E}.Debug|iPhoneSimulator.ActiveCfg = Debug|Any CPU
		{6F043AE0-B0D5-448E-9C70-92B9AFC72A8E}.Debug|iPhoneSimulator.Build.0 = Debug|Any CPU
		{6F043AE0-B0D5-448E-9C70-92B9AFC72A8E}.Debug|iPhoneSimulator.Deploy.0 = Debug|Any CPU
		{6F043AE0-B0D5-448E-9C70-92B9AFC72A8E}.Debug|x64.ActiveCfg = Debug|Any CPU
		{6F043AE0-B0D5-448E-9C70-92B9AFC72A8E}.Debug|x64.Build.0 = Debug|Any CPU
		{6F043AE0-B0D5-448E-9C70-92B9AFC72A8E}.Debug|x64.Deploy.0 = Debug|Any CPU
		{6F043AE0-B0D5-448E-9C70-92B9AFC72A8E}.Debug|x86.ActiveCfg = Debug|Any CPU
		{6F043AE0-B0D5-448E-9C70-92B9AFC72A8E}.Debug|x86.Build.0 = Debug|Any CPU
		{6F043AE0-B0D5-448E-9C70-92B9AFC72A8E}.Debug|x86.Deploy.0 = Debug|Any CPU
		{6F043AE0-B0D5-448E-9C70-92B9AFC72A8E}.Release|Any CPU.ActiveCfg = Release|Any CPU
		{6F043AE0-B0D5-448E-9C70-92B9AFC72A8E}.Release|Any CPU.Build.0 = Release|Any CPU
		{6F043AE0-B0D5-448E-9C70-92B9AFC72A8E}.Release|Any CPU.Deploy.0 = Release|Any CPU
		{6F043AE0-B0D5-448E-9C70-92B9AFC72A8E}.Release|ARM.ActiveCfg = Release|Any CPU
		{6F043AE0-B0D5-448E-9C70-92B9AFC72A8E}.Release|ARM.Build.0 = Release|Any CPU
		{6F043AE0-B0D5-448E-9C70-92B9AFC72A8E}.Release|ARM.Deploy.0 = Release|Any CPU
		{6F043AE0-B0D5-448E-9C70-92B9AFC72A8E}.Release|iPhone.ActiveCfg = Release|Any CPU
		{6F043AE0-B0D5-448E-9C70-92B9AFC72A8E}.Release|iPhone.Build.0 = Release|Any CPU
		{6F043AE0-B0D5-448E-9C70-92B9AFC72A8E}.Release|iPhone.Deploy.0 = Release|Any CPU
		{6F043AE0-B0D5-448E-9C70-92B9AFC72A8E}.Release|iPhoneSimulator.ActiveCfg = Release|Any CPU
		{6F043AE0-B0D5-448E-9C70-92B9AFC72A8E}.Release|iPhoneSimulator.Build.0 = Release|Any CPU
		{6F043AE0-B0D5-448E-9C70-92B9AFC72A8E}.Release|iPhoneSimulator.Deploy.0 = Release|Any CPU
		{6F043AE0-B0D5-448E-9C70-92B9AFC72A8E}.Release|x64.ActiveCfg = Release|Any CPU
		{6F043AE0-B0D5-448E-9C70-92B9AFC72A8E}.Release|x64.Build.0 = Release|Any CPU
		{6F043AE0-B0D5-448E-9C70-92B9AFC72A8E}.Release|x64.Deploy.0 = Release|Any CPU
		{6F043AE0-B0D5-448E-9C70-92B9AFC72A8E}.Release|x86.ActiveCfg = Release|Any CPU
		{6F043AE0-B0D5-448E-9C70-92B9AFC72A8E}.Release|x86.Build.0 = Release|Any CPU
		{6F043AE0-B0D5-448E-9C70-92B9AFC72A8E}.Release|x86.Deploy.0 = Release|Any CPU
		{DB32335A-3267-43EB-94CC-386DE084025F}.Ad-Hoc|Any CPU.ActiveCfg = Ad-Hoc|iPhone
		{DB32335A-3267-43EB-94CC-386DE084025F}.Ad-Hoc|ARM.ActiveCfg = Ad-Hoc|iPhone
		{DB32335A-3267-43EB-94CC-386DE084025F}.Ad-Hoc|iPhone.ActiveCfg = Ad-Hoc|iPhone
		{DB32335A-3267-43EB-94CC-386DE084025F}.Ad-Hoc|iPhone.Build.0 = Ad-Hoc|iPhone
		{DB32335A-3267-43EB-94CC-386DE084025F}.Ad-Hoc|iPhoneSimulator.ActiveCfg = Ad-Hoc|iPhoneSimulator
		{DB32335A-3267-43EB-94CC-386DE084025F}.Ad-Hoc|iPhoneSimulator.Build.0 = Ad-Hoc|iPhoneSimulator
		{DB32335A-3267-43EB-94CC-386DE084025F}.Ad-Hoc|x64.ActiveCfg = Ad-Hoc|iPhone
		{DB32335A-3267-43EB-94CC-386DE084025F}.Ad-Hoc|x86.ActiveCfg = Ad-Hoc|iPhone
		{DB32335A-3267-43EB-94CC-386DE084025F}.AppStore|Any CPU.ActiveCfg = AppStore|iPhone
		{DB32335A-3267-43EB-94CC-386DE084025F}.AppStore|ARM.ActiveCfg = AppStore|iPhone
		{DB32335A-3267-43EB-94CC-386DE084025F}.AppStore|iPhone.ActiveCfg = AppStore|iPhone
		{DB32335A-3267-43EB-94CC-386DE084025F}.AppStore|iPhone.Build.0 = AppStore|iPhone
		{DB32335A-3267-43EB-94CC-386DE084025F}.AppStore|iPhoneSimulator.ActiveCfg = AppStore|iPhoneSimulator
		{DB32335A-3267-43EB-94CC-386DE084025F}.AppStore|iPhoneSimulator.Build.0 = AppStore|iPhoneSimulator
		{DB32335A-3267-43EB-94CC-386DE084025F}.AppStore|x64.ActiveCfg = AppStore|iPhone
		{DB32335A-3267-43EB-94CC-386DE084025F}.AppStore|x86.ActiveCfg = AppStore|iPhone
		{DB32335A-3267-43EB-94CC-386DE084025F}.Debug|Any CPU.ActiveCfg = Debug|iPhone
		{DB32335A-3267-43EB-94CC-386DE084025F}.Debug|ARM.ActiveCfg = Debug|iPhone
		{DB32335A-3267-43EB-94CC-386DE084025F}.Debug|iPhone.ActiveCfg = Debug|iPhone
		{DB32335A-3267-43EB-94CC-386DE084025F}.Debug|iPhone.Build.0 = Debug|iPhone
		{DB32335A-3267-43EB-94CC-386DE084025F}.Debug|iPhoneSimulator.ActiveCfg = Debug|iPhoneSimulator
		{DB32335A-3267-43EB-94CC-386DE084025F}.Debug|iPhoneSimulator.Build.0 = Debug|iPhoneSimulator
		{DB32335A-3267-43EB-94CC-386DE084025F}.Debug|x64.ActiveCfg = Debug|iPhone
		{DB32335A-3267-43EB-94CC-386DE084025F}.Debug|x86.ActiveCfg = Debug|iPhone
		{DB32335A-3267-43EB-94CC-386DE084025F}.Release|Any CPU.ActiveCfg = Release|iPhone
		{DB32335A-3267-43EB-94CC-386DE084025F}.Release|ARM.ActiveCfg = Release|iPhone
		{DB32335A-3267-43EB-94CC-386DE084025F}.Release|iPhone.ActiveCfg = Release|iPhone
		{DB32335A-3267-43EB-94CC-386DE084025F}.Release|iPhone.Build.0 = Release|iPhone
		{DB32335A-3267-43EB-94CC-386DE084025F}.Release|iPhoneSimulator.ActiveCfg = Release|iPhoneSimulator
		{DB32335A-3267-43EB-94CC-386DE084025F}.Release|iPhoneSimulator.Build.0 = Release|iPhoneSimulator
		{DB32335A-3267-43EB-94CC-386DE084025F}.Release|x64.ActiveCfg = Release|iPhone
		{DB32335A-3267-43EB-94CC-386DE084025F}.Release|x86.ActiveCfg = Release|iPhone
		{DD8E0BA8-0C52-44EB-879F-859AF25B360D}.Ad-Hoc|Any CPU.ActiveCfg = Release|x86
		{DD8E0BA8-0C52-44EB-879F-859AF25B360D}.Ad-Hoc|Any CPU.Build.0 = Release|x86
		{DD8E0BA8-0C52-44EB-879F-859AF25B360D}.Ad-Hoc|Any CPU.Deploy.0 = Release|x86
		{DD8E0BA8-0C52-44EB-879F-859AF25B360D}.Ad-Hoc|ARM.ActiveCfg = Release|ARM
		{DD8E0BA8-0C52-44EB-879F-859AF25B360D}.Ad-Hoc|ARM.Build.0 = Release|ARM
		{DD8E0BA8-0C52-44EB-879F-859AF25B360D}.Ad-Hoc|ARM.Deploy.0 = Release|ARM
		{DD8E0BA8-0C52-44EB-879F-859AF25B360D}.Ad-Hoc|iPhone.ActiveCfg = Release|x86
		{DD8E0BA8-0C52-44EB-879F-859AF25B360D}.Ad-Hoc|iPhone.Build.0 = Release|x86
		{DD8E0BA8-0C52-44EB-879F-859AF25B360D}.Ad-Hoc|iPhone.Deploy.0 = Release|x86
		{DD8E0BA8-0C52-44EB-879F-859AF25B360D}.Ad-Hoc|iPhoneSimulator.ActiveCfg = Release|x86
		{DD8E0BA8-0C52-44EB-879F-859AF25B360D}.Ad-Hoc|iPhoneSimulator.Build.0 = Release|x86
		{DD8E0BA8-0C52-44EB-879F-859AF25B360D}.Ad-Hoc|iPhoneSimulator.Deploy.0 = Release|x86
		{DD8E0BA8-0C52-44EB-879F-859AF25B360D}.Ad-Hoc|x64.ActiveCfg = Release|x64
		{DD8E0BA8-0C52-44EB-879F-859AF25B360D}.Ad-Hoc|x64.Build.0 = Release|x64
		{DD8E0BA8-0C52-44EB-879F-859AF25B360D}.Ad-Hoc|x64.Deploy.0 = Release|x64
		{DD8E0BA8-0C52-44EB-879F-859AF25B360D}.Ad-Hoc|x86.ActiveCfg = Release|x86
		{DD8E0BA8-0C52-44EB-879F-859AF25B360D}.Ad-Hoc|x86.Build.0 = Release|x86
		{DD8E0BA8-0C52-44EB-879F-859AF25B360D}.Ad-Hoc|x86.Deploy.0 = Release|x86
		{DD8E0BA8-0C52-44EB-879F-859AF25B360D}.AppStore|Any CPU.ActiveCfg = Release|x86
		{DD8E0BA8-0C52-44EB-879F-859AF25B360D}.AppStore|Any CPU.Build.0 = Release|x86
		{DD8E0BA8-0C52-44EB-879F-859AF25B360D}.AppStore|Any CPU.Deploy.0 = Release|x86
		{DD8E0BA8-0C52-44EB-879F-859AF25B360D}.AppStore|ARM.ActiveCfg = Release|ARM
		{DD8E0BA8-0C52-44EB-879F-859AF25B360D}.AppStore|ARM.Build.0 = Release|ARM
		{DD8E0BA8-0C52-44EB-879F-859AF25B360D}.AppStore|ARM.Deploy.0 = Release|ARM
		{DD8E0BA8-0C52-44EB-879F-859AF25B360D}.AppStore|iPhone.ActiveCfg = Release|x86
		{DD8E0BA8-0C52-44EB-879F-859AF25B360D}.AppStore|iPhone.Build.0 = Release|x86
		{DD8E0BA8-0C52-44EB-879F-859AF25B360D}.AppStore|iPhone.Deploy.0 = Release|x86
		{DD8E0BA8-0C52-44EB-879F-859AF25B360D}.AppStore|iPhoneSimulator.ActiveCfg = Release|x86
		{DD8E0BA8-0C52-44EB-879F-859AF25B360D}.AppStore|iPhoneSimulator.Build.0 = Release|x86
		{DD8E0BA8-0C52-44EB-879F-859AF25B360D}.AppStore|iPhoneSimulator.Deploy.0 = Release|x86
		{DD8E0BA8-0C52-44EB-879F-859AF25B360D}.AppStore|x64.ActiveCfg = Release|x64
		{DD8E0BA8-0C52-44EB-879F-859AF25B360D}.AppStore|x64.Build.0 = Release|x64
		{DD8E0BA8-0C52-44EB-879F-859AF25B360D}.AppStore|x64.Deploy.0 = Release|x64
		{DD8E0BA8-0C52-44EB-879F-859AF25B360D}.AppStore|x86.ActiveCfg = Release|x86
		{DD8E0BA8-0C52-44EB-879F-859AF25B360D}.AppStore|x86.Build.0 = Release|x86
		{DD8E0BA8-0C52-44EB-879F-859AF25B360D}.AppStore|x86.Deploy.0 = Release|x86
		{DD8E0BA8-0C52-44EB-879F-859AF25B360D}.Debug|Any CPU.ActiveCfg = Debug|x86
		{DD8E0BA8-0C52-44EB-879F-859AF25B360D}.Debug|ARM.ActiveCfg = Debug|ARM
		{DD8E0BA8-0C52-44EB-879F-859AF25B360D}.Debug|ARM.Build.0 = Debug|ARM
		{DD8E0BA8-0C52-44EB-879F-859AF25B360D}.Debug|ARM.Deploy.0 = Debug|ARM
		{DD8E0BA8-0C52-44EB-879F-859AF25B360D}.Debug|iPhone.ActiveCfg = Debug|x86
		{DD8E0BA8-0C52-44EB-879F-859AF25B360D}.Debug|iPhoneSimulator.ActiveCfg = Debug|x86
		{DD8E0BA8-0C52-44EB-879F-859AF25B360D}.Debug|x64.ActiveCfg = Debug|x64
		{DD8E0BA8-0C52-44EB-879F-859AF25B360D}.Debug|x64.Build.0 = Debug|x64
		{DD8E0BA8-0C52-44EB-879F-859AF25B360D}.Debug|x64.Deploy.0 = Debug|x64
		{DD8E0BA8-0C52-44EB-879F-859AF25B360D}.Debug|x86.ActiveCfg = Debug|x86
		{DD8E0BA8-0C52-44EB-879F-859AF25B360D}.Debug|x86.Build.0 = Debug|x86
		{DD8E0BA8-0C52-44EB-879F-859AF25B360D}.Debug|x86.Deploy.0 = Debug|x86
		{DD8E0BA8-0C52-44EB-879F-859AF25B360D}.Release|Any CPU.ActiveCfg = Release|x86
		{DD8E0BA8-0C52-44EB-879F-859AF25B360D}.Release|ARM.ActiveCfg = Release|ARM
		{DD8E0BA8-0C52-44EB-879F-859AF25B360D}.Release|ARM.Build.0 = Release|ARM
		{DD8E0BA8-0C52-44EB-879F-859AF25B360D}.Release|ARM.Deploy.0 = Release|ARM
		{DD8E0BA8-0C52-44EB-879F-859AF25B360D}.Release|iPhone.ActiveCfg = Release|x86
		{DD8E0BA8-0C52-44EB-879F-859AF25B360D}.Release|iPhoneSimulator.ActiveCfg = Release|x86
		{DD8E0BA8-0C52-44EB-879F-859AF25B360D}.Release|x64.ActiveCfg = Release|x64
		{DD8E0BA8-0C52-44EB-879F-859AF25B360D}.Release|x64.Build.0 = Release|x64
		{DD8E0BA8-0C52-44EB-879F-859AF25B360D}.Release|x64.Deploy.0 = Release|x64
		{DD8E0BA8-0C52-44EB-879F-859AF25B360D}.Release|x86.ActiveCfg = Release|x86
		{DD8E0BA8-0C52-44EB-879F-859AF25B360D}.Release|x86.Build.0 = Release|x86
		{DD8E0BA8-0C52-44EB-879F-859AF25B360D}.Release|x86.Deploy.0 = Release|x86
		{42FCDB0B-5978-4B1C-B8CD-496493B43093}.Ad-Hoc|Any CPU.ActiveCfg = Debug|Any CPU
		{42FCDB0B-5978-4B1C-B8CD-496493B43093}.Ad-Hoc|Any CPU.Build.0 = Debug|Any CPU
		{42FCDB0B-5978-4B1C-B8CD-496493B43093}.Ad-Hoc|ARM.ActiveCfg = Debug|Any CPU
		{42FCDB0B-5978-4B1C-B8CD-496493B43093}.Ad-Hoc|ARM.Build.0 = Debug|Any CPU
		{42FCDB0B-5978-4B1C-B8CD-496493B43093}.Ad-Hoc|iPhone.ActiveCfg = Debug|Any CPU
		{42FCDB0B-5978-4B1C-B8CD-496493B43093}.Ad-Hoc|iPhone.Build.0 = Debug|Any CPU
		{42FCDB0B-5978-4B1C-B8CD-496493B43093}.Ad-Hoc|iPhoneSimulator.ActiveCfg = Debug|Any CPU
		{42FCDB0B-5978-4B1C-B8CD-496493B43093}.Ad-Hoc|iPhoneSimulator.Build.0 = Debug|Any CPU
		{42FCDB0B-5978-4B1C-B8CD-496493B43093}.Ad-Hoc|x64.ActiveCfg = Debug|Any CPU
		{42FCDB0B-5978-4B1C-B8CD-496493B43093}.Ad-Hoc|x64.Build.0 = Debug|Any CPU
		{42FCDB0B-5978-4B1C-B8CD-496493B43093}.Ad-Hoc|x86.ActiveCfg = Debug|Any CPU
		{42FCDB0B-5978-4B1C-B8CD-496493B43093}.Ad-Hoc|x86.Build.0 = Debug|Any CPU
		{42FCDB0B-5978-4B1C-B8CD-496493B43093}.AppStore|Any CPU.ActiveCfg = Debug|Any CPU
		{42FCDB0B-5978-4B1C-B8CD-496493B43093}.AppStore|Any CPU.Build.0 = Debug|Any CPU
		{42FCDB0B-5978-4B1C-B8CD-496493B43093}.AppStore|ARM.ActiveCfg = Debug|Any CPU
		{42FCDB0B-5978-4B1C-B8CD-496493B43093}.AppStore|ARM.Build.0 = Debug|Any CPU
		{42FCDB0B-5978-4B1C-B8CD-496493B43093}.AppStore|iPhone.ActiveCfg = Debug|Any CPU
		{42FCDB0B-5978-4B1C-B8CD-496493B43093}.AppStore|iPhone.Build.0 = Debug|Any CPU
		{42FCDB0B-5978-4B1C-B8CD-496493B43093}.AppStore|iPhoneSimulator.ActiveCfg = Debug|Any CPU
		{42FCDB0B-5978-4B1C-B8CD-496493B43093}.AppStore|iPhoneSimulator.Build.0 = Debug|Any CPU
		{42FCDB0B-5978-4B1C-B8CD-496493B43093}.AppStore|x64.ActiveCfg = Debug|Any CPU
		{42FCDB0B-5978-4B1C-B8CD-496493B43093}.AppStore|x64.Build.0 = Debug|Any CPU
		{42FCDB0B-5978-4B1C-B8CD-496493B43093}.AppStore|x86.ActiveCfg = Debug|Any CPU
		{42FCDB0B-5978-4B1C-B8CD-496493B43093}.AppStore|x86.Build.0 = Debug|Any CPU
		{42FCDB0B-5978-4B1C-B8CD-496493B43093}.Debug|Any CPU.ActiveCfg = Debug|Any CPU
		{42FCDB0B-5978-4B1C-B8CD-496493B43093}.Debug|Any CPU.Build.0 = Debug|Any CPU
		{42FCDB0B-5978-4B1C-B8CD-496493B43093}.Debug|ARM.ActiveCfg = Debug|Any CPU
		{42FCDB0B-5978-4B1C-B8CD-496493B43093}.Debug|ARM.Build.0 = Debug|Any CPU
		{42FCDB0B-5978-4B1C-B8CD-496493B43093}.Debug|iPhone.ActiveCfg = Debug|Any CPU
		{42FCDB0B-5978-4B1C-B8CD-496493B43093}.Debug|iPhone.Build.0 = Debug|Any CPU
		{42FCDB0B-5978-4B1C-B8CD-496493B43093}.Debug|iPhoneSimulator.ActiveCfg = Debug|Any CPU
		{42FCDB0B-5978-4B1C-B8CD-496493B43093}.Debug|iPhoneSimulator.Build.0 = Debug|Any CPU
		{42FCDB0B-5978-4B1C-B8CD-496493B43093}.Debug|x64.ActiveCfg = Debug|Any CPU
		{42FCDB0B-5978-4B1C-B8CD-496493B43093}.Debug|x64.Build.0 = Debug|Any CPU
		{42FCDB0B-5978-4B1C-B8CD-496493B43093}.Debug|x86.ActiveCfg = Debug|Any CPU
		{42FCDB0B-5978-4B1C-B8CD-496493B43093}.Debug|x86.Build.0 = Debug|Any CPU
		{42FCDB0B-5978-4B1C-B8CD-496493B43093}.Release|Any CPU.ActiveCfg = Release|Any CPU
		{42FCDB0B-5978-4B1C-B8CD-496493B43093}.Release|Any CPU.Build.0 = Release|Any CPU
		{42FCDB0B-5978-4B1C-B8CD-496493B43093}.Release|ARM.ActiveCfg = Release|Any CPU
		{42FCDB0B-5978-4B1C-B8CD-496493B43093}.Release|ARM.Build.0 = Release|Any CPU
		{42FCDB0B-5978-4B1C-B8CD-496493B43093}.Release|iPhone.ActiveCfg = Release|Any CPU
		{42FCDB0B-5978-4B1C-B8CD-496493B43093}.Release|iPhone.Build.0 = Release|Any CPU
		{42FCDB0B-5978-4B1C-B8CD-496493B43093}.Release|iPhoneSimulator.ActiveCfg = Release|Any CPU
		{42FCDB0B-5978-4B1C-B8CD-496493B43093}.Release|iPhoneSimulator.Build.0 = Release|Any CPU
		{42FCDB0B-5978-4B1C-B8CD-496493B43093}.Release|x64.ActiveCfg = Release|Any CPU
		{42FCDB0B-5978-4B1C-B8CD-496493B43093}.Release|x64.Build.0 = Release|Any CPU
		{42FCDB0B-5978-4B1C-B8CD-496493B43093}.Release|x86.ActiveCfg = Release|Any CPU
		{42FCDB0B-5978-4B1C-B8CD-496493B43093}.Release|x86.Build.0 = Release|Any CPU
		{B43B3AD8-5878-41ED-9432-7C370AB26F46}.Ad-Hoc|Any CPU.ActiveCfg = Debug|Any CPU
		{B43B3AD8-5878-41ED-9432-7C370AB26F46}.Ad-Hoc|Any CPU.Build.0 = Debug|Any CPU
		{B43B3AD8-5878-41ED-9432-7C370AB26F46}.Ad-Hoc|ARM.ActiveCfg = Debug|Any CPU
		{B43B3AD8-5878-41ED-9432-7C370AB26F46}.Ad-Hoc|ARM.Build.0 = Debug|Any CPU
		{B43B3AD8-5878-41ED-9432-7C370AB26F46}.Ad-Hoc|iPhone.ActiveCfg = Debug|Any CPU
		{B43B3AD8-5878-41ED-9432-7C370AB26F46}.Ad-Hoc|iPhone.Build.0 = Debug|Any CPU
		{B43B3AD8-5878-41ED-9432-7C370AB26F46}.Ad-Hoc|iPhoneSimulator.ActiveCfg = Debug|Any CPU
		{B43B3AD8-5878-41ED-9432-7C370AB26F46}.Ad-Hoc|iPhoneSimulator.Build.0 = Debug|Any CPU
		{B43B3AD8-5878-41ED-9432-7C370AB26F46}.Ad-Hoc|x64.ActiveCfg = Debug|Any CPU
		{B43B3AD8-5878-41ED-9432-7C370AB26F46}.Ad-Hoc|x64.Build.0 = Debug|Any CPU
		{B43B3AD8-5878-41ED-9432-7C370AB26F46}.Ad-Hoc|x86.ActiveCfg = Debug|Any CPU
		{B43B3AD8-5878-41ED-9432-7C370AB26F46}.Ad-Hoc|x86.Build.0 = Debug|Any CPU
		{B43B3AD8-5878-41ED-9432-7C370AB26F46}.AppStore|Any CPU.ActiveCfg = Debug|Any CPU
		{B43B3AD8-5878-41ED-9432-7C370AB26F46}.AppStore|Any CPU.Build.0 = Debug|Any CPU
		{B43B3AD8-5878-41ED-9432-7C370AB26F46}.AppStore|ARM.ActiveCfg = Debug|Any CPU
		{B43B3AD8-5878-41ED-9432-7C370AB26F46}.AppStore|ARM.Build.0 = Debug|Any CPU
		{B43B3AD8-5878-41ED-9432-7C370AB26F46}.AppStore|iPhone.ActiveCfg = Debug|Any CPU
		{B43B3AD8-5878-41ED-9432-7C370AB26F46}.AppStore|iPhone.Build.0 = Debug|Any CPU
		{B43B3AD8-5878-41ED-9432-7C370AB26F46}.AppStore|iPhoneSimulator.ActiveCfg = Debug|Any CPU
		{B43B3AD8-5878-41ED-9432-7C370AB26F46}.AppStore|iPhoneSimulator.Build.0 = Debug|Any CPU
		{B43B3AD8-5878-41ED-9432-7C370AB26F46}.AppStore|x64.ActiveCfg = Debug|Any CPU
		{B43B3AD8-5878-41ED-9432-7C370AB26F46}.AppStore|x64.Build.0 = Debug|Any CPU
		{B43B3AD8-5878-41ED-9432-7C370AB26F46}.AppStore|x86.ActiveCfg = Debug|Any CPU
		{B43B3AD8-5878-41ED-9432-7C370AB26F46}.AppStore|x86.Build.0 = Debug|Any CPU
		{B43B3AD8-5878-41ED-9432-7C370AB26F46}.Debug|Any CPU.ActiveCfg = Debug|Any CPU
		{B43B3AD8-5878-41ED-9432-7C370AB26F46}.Debug|Any CPU.Build.0 = Debug|Any CPU
		{B43B3AD8-5878-41ED-9432-7C370AB26F46}.Debug|ARM.ActiveCfg = Debug|Any CPU
		{B43B3AD8-5878-41ED-9432-7C370AB26F46}.Debug|ARM.Build.0 = Debug|Any CPU
		{B43B3AD8-5878-41ED-9432-7C370AB26F46}.Debug|iPhone.ActiveCfg = Debug|Any CPU
		{B43B3AD8-5878-41ED-9432-7C370AB26F46}.Debug|iPhone.Build.0 = Debug|Any CPU
		{B43B3AD8-5878-41ED-9432-7C370AB26F46}.Debug|iPhoneSimulator.ActiveCfg = Debug|Any CPU
		{B43B3AD8-5878-41ED-9432-7C370AB26F46}.Debug|iPhoneSimulator.Build.0 = Debug|Any CPU
		{B43B3AD8-5878-41ED-9432-7C370AB26F46}.Debug|x64.ActiveCfg = Debug|Any CPU
		{B43B3AD8-5878-41ED-9432-7C370AB26F46}.Debug|x64.Build.0 = Debug|Any CPU
		{B43B3AD8-5878-41ED-9432-7C370AB26F46}.Debug|x86.ActiveCfg = Debug|Any CPU
		{B43B3AD8-5878-41ED-9432-7C370AB26F46}.Debug|x86.Build.0 = Debug|Any CPU
		{B43B3AD8-5878-41ED-9432-7C370AB26F46}.Release|Any CPU.ActiveCfg = Release|Any CPU
		{B43B3AD8-5878-41ED-9432-7C370AB26F46}.Release|Any CPU.Build.0 = Release|Any CPU
		{B43B3AD8-5878-41ED-9432-7C370AB26F46}.Release|ARM.ActiveCfg = Release|Any CPU
		{B43B3AD8-5878-41ED-9432-7C370AB26F46}.Release|ARM.Build.0 = Release|Any CPU
		{B43B3AD8-5878-41ED-9432-7C370AB26F46}.Release|iPhone.ActiveCfg = Release|Any CPU
		{B43B3AD8-5878-41ED-9432-7C370AB26F46}.Release|iPhone.Build.0 = Release|Any CPU
		{B43B3AD8-5878-41ED-9432-7C370AB26F46}.Release|iPhoneSimulator.ActiveCfg = Release|Any CPU
		{B43B3AD8-5878-41ED-9432-7C370AB26F46}.Release|iPhoneSimulator.Build.0 = Release|Any CPU
		{B43B3AD8-5878-41ED-9432-7C370AB26F46}.Release|x64.ActiveCfg = Release|Any CPU
		{B43B3AD8-5878-41ED-9432-7C370AB26F46}.Release|x64.Build.0 = Release|Any CPU
		{B43B3AD8-5878-41ED-9432-7C370AB26F46}.Release|x86.ActiveCfg = Release|Any CPU
		{B43B3AD8-5878-41ED-9432-7C370AB26F46}.Release|x86.Build.0 = Release|Any CPU
		{C45D6812-DA8C-44CC-860E-D709D29C1BA7}.Ad-Hoc|Any CPU.ActiveCfg = Debug|Any CPU
		{C45D6812-DA8C-44CC-860E-D709D29C1BA7}.Ad-Hoc|Any CPU.Build.0 = Debug|Any CPU
		{C45D6812-DA8C-44CC-860E-D709D29C1BA7}.Ad-Hoc|ARM.ActiveCfg = Debug|Any CPU
		{C45D6812-DA8C-44CC-860E-D709D29C1BA7}.Ad-Hoc|ARM.Build.0 = Debug|Any CPU
		{C45D6812-DA8C-44CC-860E-D709D29C1BA7}.Ad-Hoc|iPhone.ActiveCfg = Debug|Any CPU
		{C45D6812-DA8C-44CC-860E-D709D29C1BA7}.Ad-Hoc|iPhone.Build.0 = Debug|Any CPU
		{C45D6812-DA8C-44CC-860E-D709D29C1BA7}.Ad-Hoc|iPhoneSimulator.ActiveCfg = Debug|Any CPU
		{C45D6812-DA8C-44CC-860E-D709D29C1BA7}.Ad-Hoc|iPhoneSimulator.Build.0 = Debug|Any CPU
		{C45D6812-DA8C-44CC-860E-D709D29C1BA7}.Ad-Hoc|x64.ActiveCfg = Debug|Any CPU
		{C45D6812-DA8C-44CC-860E-D709D29C1BA7}.Ad-Hoc|x64.Build.0 = Debug|Any CPU
		{C45D6812-DA8C-44CC-860E-D709D29C1BA7}.Ad-Hoc|x86.ActiveCfg = Debug|Any CPU
		{C45D6812-DA8C-44CC-860E-D709D29C1BA7}.Ad-Hoc|x86.Build.0 = Debug|Any CPU
		{C45D6812-DA8C-44CC-860E-D709D29C1BA7}.AppStore|Any CPU.ActiveCfg = Debug|Any CPU
		{C45D6812-DA8C-44CC-860E-D709D29C1BA7}.AppStore|Any CPU.Build.0 = Debug|Any CPU
		{C45D6812-DA8C-44CC-860E-D709D29C1BA7}.AppStore|ARM.ActiveCfg = Debug|Any CPU
		{C45D6812-DA8C-44CC-860E-D709D29C1BA7}.AppStore|ARM.Build.0 = Debug|Any CPU
		{C45D6812-DA8C-44CC-860E-D709D29C1BA7}.AppStore|iPhone.ActiveCfg = Debug|Any CPU
		{C45D6812-DA8C-44CC-860E-D709D29C1BA7}.AppStore|iPhone.Build.0 = Debug|Any CPU
		{C45D6812-DA8C-44CC-860E-D709D29C1BA7}.AppStore|iPhoneSimulator.ActiveCfg = Debug|Any CPU
		{C45D6812-DA8C-44CC-860E-D709D29C1BA7}.AppStore|iPhoneSimulator.Build.0 = Debug|Any CPU
		{C45D6812-DA8C-44CC-860E-D709D29C1BA7}.AppStore|x64.ActiveCfg = Debug|Any CPU
		{C45D6812-DA8C-44CC-860E-D709D29C1BA7}.AppStore|x64.Build.0 = Debug|Any CPU
		{C45D6812-DA8C-44CC-860E-D709D29C1BA7}.AppStore|x86.ActiveCfg = Debug|Any CPU
		{C45D6812-DA8C-44CC-860E-D709D29C1BA7}.AppStore|x86.Build.0 = Debug|Any CPU
		{C45D6812-DA8C-44CC-860E-D709D29C1BA7}.Debug|Any CPU.ActiveCfg = Debug|Any CPU
		{C45D6812-DA8C-44CC-860E-D709D29C1BA7}.Debug|Any CPU.Build.0 = Debug|Any CPU
		{C45D6812-DA8C-44CC-860E-D709D29C1BA7}.Debug|ARM.ActiveCfg = Debug|Any CPU
		{C45D6812-DA8C-44CC-860E-D709D29C1BA7}.Debug|ARM.Build.0 = Debug|Any CPU
		{C45D6812-DA8C-44CC-860E-D709D29C1BA7}.Debug|iPhone.ActiveCfg = Debug|Any CPU
		{C45D6812-DA8C-44CC-860E-D709D29C1BA7}.Debug|iPhone.Build.0 = Debug|Any CPU
		{C45D6812-DA8C-44CC-860E-D709D29C1BA7}.Debug|iPhoneSimulator.ActiveCfg = Debug|Any CPU
		{C45D6812-DA8C-44CC-860E-D709D29C1BA7}.Debug|iPhoneSimulator.Build.0 = Debug|Any CPU
		{C45D6812-DA8C-44CC-860E-D709D29C1BA7}.Debug|x64.ActiveCfg = Debug|Any CPU
		{C45D6812-DA8C-44CC-860E-D709D29C1BA7}.Debug|x64.Build.0 = Debug|Any CPU
		{C45D6812-DA8C-44CC-860E-D709D29C1BA7}.Debug|x86.ActiveCfg = Debug|Any CPU
		{C45D6812-DA8C-44CC-860E-D709D29C1BA7}.Debug|x86.Build.0 = Debug|Any CPU
		{C45D6812-DA8C-44CC-860E-D709D29C1BA7}.Release|Any CPU.ActiveCfg = Release|Any CPU
		{C45D6812-DA8C-44CC-860E-D709D29C1BA7}.Release|Any CPU.Build.0 = Release|Any CPU
		{C45D6812-DA8C-44CC-860E-D709D29C1BA7}.Release|ARM.ActiveCfg = Release|Any CPU
		{C45D6812-DA8C-44CC-860E-D709D29C1BA7}.Release|ARM.Build.0 = Release|Any CPU
		{C45D6812-DA8C-44CC-860E-D709D29C1BA7}.Release|iPhone.ActiveCfg = Release|Any CPU
		{C45D6812-DA8C-44CC-860E-D709D29C1BA7}.Release|iPhone.Build.0 = Release|Any CPU
		{C45D6812-DA8C-44CC-860E-D709D29C1BA7}.Release|iPhoneSimulator.ActiveCfg = Release|Any CPU
		{C45D6812-DA8C-44CC-860E-D709D29C1BA7}.Release|iPhoneSimulator.Build.0 = Release|Any CPU
		{C45D6812-DA8C-44CC-860E-D709D29C1BA7}.Release|x64.ActiveCfg = Release|Any CPU
		{C45D6812-DA8C-44CC-860E-D709D29C1BA7}.Release|x64.Build.0 = Release|Any CPU
		{C45D6812-DA8C-44CC-860E-D709D29C1BA7}.Release|x86.ActiveCfg = Release|Any CPU
		{C45D6812-DA8C-44CC-860E-D709D29C1BA7}.Release|x86.Build.0 = Release|Any CPU
		{BD4244BD-EB40-42B9-ABB9-9A754E78043D}.Ad-Hoc|Any CPU.ActiveCfg = Debug|Any CPU
		{BD4244BD-EB40-42B9-ABB9-9A754E78043D}.Ad-Hoc|Any CPU.Build.0 = Debug|Any CPU
		{BD4244BD-EB40-42B9-ABB9-9A754E78043D}.Ad-Hoc|ARM.ActiveCfg = Debug|Any CPU
		{BD4244BD-EB40-42B9-ABB9-9A754E78043D}.Ad-Hoc|ARM.Build.0 = Debug|Any CPU
		{BD4244BD-EB40-42B9-ABB9-9A754E78043D}.Ad-Hoc|iPhone.ActiveCfg = Debug|Any CPU
		{BD4244BD-EB40-42B9-ABB9-9A754E78043D}.Ad-Hoc|iPhone.Build.0 = Debug|Any CPU
		{BD4244BD-EB40-42B9-ABB9-9A754E78043D}.Ad-Hoc|iPhoneSimulator.ActiveCfg = Debug|Any CPU
		{BD4244BD-EB40-42B9-ABB9-9A754E78043D}.Ad-Hoc|iPhoneSimulator.Build.0 = Debug|Any CPU
		{BD4244BD-EB40-42B9-ABB9-9A754E78043D}.Ad-Hoc|x64.ActiveCfg = Debug|Any CPU
		{BD4244BD-EB40-42B9-ABB9-9A754E78043D}.Ad-Hoc|x64.Build.0 = Debug|Any CPU
		{BD4244BD-EB40-42B9-ABB9-9A754E78043D}.Ad-Hoc|x86.ActiveCfg = Debug|Any CPU
		{BD4244BD-EB40-42B9-ABB9-9A754E78043D}.Ad-Hoc|x86.Build.0 = Debug|Any CPU
		{BD4244BD-EB40-42B9-ABB9-9A754E78043D}.AppStore|Any CPU.ActiveCfg = Debug|Any CPU
		{BD4244BD-EB40-42B9-ABB9-9A754E78043D}.AppStore|Any CPU.Build.0 = Debug|Any CPU
		{BD4244BD-EB40-42B9-ABB9-9A754E78043D}.AppStore|ARM.ActiveCfg = Debug|Any CPU
		{BD4244BD-EB40-42B9-ABB9-9A754E78043D}.AppStore|ARM.Build.0 = Debug|Any CPU
		{BD4244BD-EB40-42B9-ABB9-9A754E78043D}.AppStore|iPhone.ActiveCfg = Debug|Any CPU
		{BD4244BD-EB40-42B9-ABB9-9A754E78043D}.AppStore|iPhone.Build.0 = Debug|Any CPU
		{BD4244BD-EB40-42B9-ABB9-9A754E78043D}.AppStore|iPhoneSimulator.ActiveCfg = Debug|Any CPU
		{BD4244BD-EB40-42B9-ABB9-9A754E78043D}.AppStore|iPhoneSimulator.Build.0 = Debug|Any CPU
		{BD4244BD-EB40-42B9-ABB9-9A754E78043D}.AppStore|x64.ActiveCfg = Debug|Any CPU
		{BD4244BD-EB40-42B9-ABB9-9A754E78043D}.AppStore|x64.Build.0 = Debug|Any CPU
		{BD4244BD-EB40-42B9-ABB9-9A754E78043D}.AppStore|x86.ActiveCfg = Debug|Any CPU
		{BD4244BD-EB40-42B9-ABB9-9A754E78043D}.AppStore|x86.Build.0 = Debug|Any CPU
		{BD4244BD-EB40-42B9-ABB9-9A754E78043D}.Debug|Any CPU.ActiveCfg = Debug|Any CPU
		{BD4244BD-EB40-42B9-ABB9-9A754E78043D}.Debug|Any CPU.Build.0 = Debug|Any CPU
		{BD4244BD-EB40-42B9-ABB9-9A754E78043D}.Debug|ARM.ActiveCfg = Debug|Any CPU
		{BD4244BD-EB40-42B9-ABB9-9A754E78043D}.Debug|ARM.Build.0 = Debug|Any CPU
		{BD4244BD-EB40-42B9-ABB9-9A754E78043D}.Debug|iPhone.ActiveCfg = Debug|Any CPU
		{BD4244BD-EB40-42B9-ABB9-9A754E78043D}.Debug|iPhone.Build.0 = Debug|Any CPU
		{BD4244BD-EB40-42B9-ABB9-9A754E78043D}.Debug|iPhoneSimulator.ActiveCfg = Debug|Any CPU
		{BD4244BD-EB40-42B9-ABB9-9A754E78043D}.Debug|iPhoneSimulator.Build.0 = Debug|Any CPU
		{BD4244BD-EB40-42B9-ABB9-9A754E78043D}.Debug|x64.ActiveCfg = Debug|Any CPU
		{BD4244BD-EB40-42B9-ABB9-9A754E78043D}.Debug|x64.Build.0 = Debug|Any CPU
		{BD4244BD-EB40-42B9-ABB9-9A754E78043D}.Debug|x86.ActiveCfg = Debug|Any CPU
		{BD4244BD-EB40-42B9-ABB9-9A754E78043D}.Debug|x86.Build.0 = Debug|Any CPU
		{BD4244BD-EB40-42B9-ABB9-9A754E78043D}.Release|Any CPU.ActiveCfg = Release|Any CPU
		{BD4244BD-EB40-42B9-ABB9-9A754E78043D}.Release|Any CPU.Build.0 = Release|Any CPU
		{BD4244BD-EB40-42B9-ABB9-9A754E78043D}.Release|ARM.ActiveCfg = Release|Any CPU
		{BD4244BD-EB40-42B9-ABB9-9A754E78043D}.Release|ARM.Build.0 = Release|Any CPU
		{BD4244BD-EB40-42B9-ABB9-9A754E78043D}.Release|iPhone.ActiveCfg = Release|Any CPU
		{BD4244BD-EB40-42B9-ABB9-9A754E78043D}.Release|iPhone.Build.0 = Release|Any CPU
		{BD4244BD-EB40-42B9-ABB9-9A754E78043D}.Release|iPhoneSimulator.ActiveCfg = Release|Any CPU
		{BD4244BD-EB40-42B9-ABB9-9A754E78043D}.Release|iPhoneSimulator.Build.0 = Release|Any CPU
		{BD4244BD-EB40-42B9-ABB9-9A754E78043D}.Release|x64.ActiveCfg = Release|Any CPU
		{BD4244BD-EB40-42B9-ABB9-9A754E78043D}.Release|x64.Build.0 = Release|Any CPU
		{BD4244BD-EB40-42B9-ABB9-9A754E78043D}.Release|x86.ActiveCfg = Release|Any CPU
		{BD4244BD-EB40-42B9-ABB9-9A754E78043D}.Release|x86.Build.0 = Release|Any CPU
	EndGlobalSection
	GlobalSection(SolutionProperties) = preSolution
		HideSolutionNode = FALSE
	EndGlobalSection
	GlobalSection(ExtensibilityGlobals) = postSolution
		SolutionGuid = {DE78462B-110F-4A9C-916A-95C081AC0415}
	EndGlobalSection
EndGlobal
