
Microsoft Visual Studio Solution File, Format Version 12.00
# Visual Studio 2012
Project("{FAE04EC0-301F-11D3-BF4B-00C04F79EFBC}") = "WPF application test for portable lib", "WPF application test for portable lib\WPF application test for portable lib.csproj", "{D2E13990-59F3-4613-8502-0B1F3ACE6867}"
	ProjectSection(ProjectDependencies) = postProject
		{A10D79DD-B34B-41B0-91EF-9BB9414B9901} = {A10D79DD-B34B-41B0-91EF-9BB9414B9901}
	EndProjectSection
EndProject
Project("{FAE04EC0-301F-11D3-BF4B-00C04F79EFBC}") = "TestTypes", "..\UniversalSerializerWPF\UniversalSerializerWPF Tester\TestTypes\TestTypes.csproj", "{BE1EF889-2F67-4F08-869C-BA29BED51C46}"
EndProject
Project("{FAE04EC0-301F-11D3-BF4B-00C04F79EFBC}") = "ExternalModifiers", "WPF application test for portable lib\ExternalModifiers_Portable\ExternalModifiers.csproj", "{A10D79DD-B34B-41B0-91EF-9BB9414B9901}"
EndProject
Project("{FAE04EC0-301F-11D3-BF4B-00C04F79EFBC}") = "UniversalSerializerPortableLib", "UniversalSerializerPortableLib.csproj", "{F0A74492-DC29-4144-A0E7-8F5CAA5F27E9}"
EndProject
Global
	GlobalSection(SolutionConfigurationPlatforms) = preSolution
		Debug|Any CPU = Debug|Any CPU
		Release|Any CPU = Release|Any CPU
	EndGlobalSection
	GlobalSection(ProjectConfigurationPlatforms) = postSolution
		{D2E13990-59F3-4613-8502-0B1F3ACE6867}.Debug|Any CPU.ActiveCfg = Debug|Any CPU
		{D2E13990-59F3-4613-8502-0B1F3ACE6867}.Debug|Any CPU.Build.0 = Debug|Any CPU
		{D2E13990-59F3-4613-8502-0B1F3ACE6867}.Release|Any CPU.ActiveCfg = Release|Any CPU
		{D2E13990-59F3-4613-8502-0B1F3ACE6867}.Release|Any CPU.Build.0 = Release|Any CPU
		{BE1EF889-2F67-4F08-869C-BA29BED51C46}.Debug|Any CPU.ActiveCfg = Debug|Any CPU
		{BE1EF889-2F67-4F08-869C-BA29BED51C46}.Debug|Any CPU.Build.0 = Debug|Any CPU
		{BE1EF889-2F67-4F08-869C-BA29BED51C46}.Release|Any CPU.ActiveCfg = Release|Any CPU
		{BE1EF889-2F67-4F08-869C-BA29BED51C46}.Release|Any CPU.Build.0 = Release|Any CPU
		{A10D79DD-B34B-41B0-91EF-9BB9414B9901}.Debug|Any CPU.ActiveCfg = Debug|Any CPU
		{A10D79DD-B34B-41B0-91EF-9BB9414B9901}.Debug|Any CPU.Build.0 = Debug|Any CPU
		{A10D79DD-B34B-41B0-91EF-9BB9414B9901}.Release|Any CPU.ActiveCfg = Release|Any CPU
		{A10D79DD-B34B-41B0-91EF-9BB9414B9901}.Release|Any CPU.Build.0 = Release|Any CPU
		{F0A74492-DC29-4144-A0E7-8F5CAA5F27E9}.Debug|Any CPU.ActiveCfg = Debug|Any CPU
		{F0A74492-DC29-4144-A0E7-8F5CAA5F27E9}.Debug|Any CPU.Build.0 = Debug|Any CPU
		{F0A74492-DC29-4144-A0E7-8F5CAA5F27E9}.Release|Any CPU.ActiveCfg = Release|Any CPU
		{F0A74492-DC29-4144-A0E7-8F5CAA5F27E9}.Release|Any CPU.Build.0 = Release|Any CPU
	EndGlobalSection
	GlobalSection(SolutionProperties) = preSolution
		HideSolutionNode = FALSE
	EndGlobalSection
EndGlobal
