
Microsoft Visual Studio Solution File, Format Version 12.00
# Visual Studio 15
VisualStudioVersion = 15.0.27130.2036
MinimumVisualStudioVersion = 10.0.40219.1
Project("{9A19103F-16F7-4668-BE54-9A1E7A4F7556}") = "TestTypes NET Core", "..\TestTypes NET Core\TestTypes NET Core.csproj", "{24C94B09-3249-485C-A981-CD4B0C883D1C}"
EndProject
Project("{9A19103F-16F7-4668-BE54-9A1E7A4F7556}") = "UniversalSerializer 3 for NET Core", "..\..\DLL\NET Core 2\UniversalSerializer 3 for NET Core\UniversalSerializer 3 for NET Core.csproj", "{6F7EA7DE-B3D6-48A9-9CEE-68B4DE9171E5}"
EndProject
Project("{9A19103F-16F7-4668-BE54-9A1E7A4F7556}") = "ExternalModifiers", "ExternalModifiers.csproj", "{C6D745F4-2859-4661-8890-D7A0A8A688E8}"
EndProject
Global
	GlobalSection(SolutionConfigurationPlatforms) = preSolution
		Debug|Any CPU = Debug|Any CPU
		Release|Any CPU = Release|Any CPU
	EndGlobalSection
	GlobalSection(ProjectConfigurationPlatforms) = postSolution
		{24C94B09-3249-485C-A981-CD4B0C883D1C}.Debug|Any CPU.ActiveCfg = Debug|Any CPU
		{24C94B09-3249-485C-A981-CD4B0C883D1C}.Debug|Any CPU.Build.0 = Debug|Any CPU
		{24C94B09-3249-485C-A981-CD4B0C883D1C}.Release|Any CPU.ActiveCfg = Release|Any CPU
		{24C94B09-3249-485C-A981-CD4B0C883D1C}.Release|Any CPU.Build.0 = Release|Any CPU
		{6F7EA7DE-B3D6-48A9-9CEE-68B4DE9171E5}.Debug|Any CPU.ActiveCfg = Debug|Any CPU
		{6F7EA7DE-B3D6-48A9-9CEE-68B4DE9171E5}.Debug|Any CPU.Build.0 = Debug|Any CPU
		{6F7EA7DE-B3D6-48A9-9CEE-68B4DE9171E5}.Release|Any CPU.ActiveCfg = Release|Any CPU
		{6F7EA7DE-B3D6-48A9-9CEE-68B4DE9171E5}.Release|Any CPU.Build.0 = Release|Any CPU
		{C6D745F4-2859-4661-8890-D7A0A8A688E8}.Debug|Any CPU.ActiveCfg = Debug|Any CPU
		{C6D745F4-2859-4661-8890-D7A0A8A688E8}.Debug|Any CPU.Build.0 = Debug|Any CPU
		{C6D745F4-2859-4661-8890-D7A0A8A688E8}.Release|Any CPU.ActiveCfg = Release|Any CPU
		{C6D745F4-2859-4661-8890-D7A0A8A688E8}.Release|Any CPU.Build.0 = Release|Any CPU
	EndGlobalSection
	GlobalSection(SolutionProperties) = preSolution
		HideSolutionNode = FALSE
	EndGlobalSection
	GlobalSection(ExtensibilityGlobals) = postSolution
		SolutionGuid = {AADA2CCB-B46A-49D3-8854-ED0343A5B8EF}
	EndGlobalSection
EndGlobal
