
Microsoft Visual Studio Solution File, Format Version 12.00
# Visual Studio 2012
Project("{FAE04EC0-301F-11D3-BF4B-00C04F79EFBC}") = "UniversalSerializer Tester", "UniversalSerializer Tester\UniversalSerializer Tester.csproj", "{C32E4C35-87AA-4D45-9C2B-423616109A6E}"
	ProjectSection(ProjectDependencies) = postProject
		{A5EDB910-6272-467B-B90E-A085F5F75B54} = {A5EDB910-6272-467B-B90E-A085F5F75B54}
	EndProjectSection
EndProject
Project("{FAE04EC0-301F-11D3-BF4B-00C04F79EFBC}") = "UniversalSerializerWPF", "..\UniversalSerializerWPF.csproj", "{8F6F02B1-FE6C-4F70-BB22-7AA493E2C104}"
	ProjectSection(ProjectDependencies) = postProject
		{A5EDB910-6272-467B-B90E-A085F5F75B54} = {A5EDB910-6272-467B-B90E-A085F5F75B54}
		{BE1EF889-2F67-4F08-869C-BA29BED51C46} = {BE1EF889-2F67-4F08-869C-BA29BED51C46}
	EndProjectSection
EndProject
Project("{FAE04EC0-301F-11D3-BF4B-00C04F79EFBC}") = "TestTypes", "TestTypes\TestTypes.csproj", "{BE1EF889-2F67-4F08-869C-BA29BED51C46}"
EndProject
Project("{FAE04EC0-301F-11D3-BF4B-00C04F79EFBC}") = "ExternalModifiers", "ExternalModifiers\ExternalModifiers.csproj", "{A5EDB910-6272-467B-B90E-A085F5F75B54}"
EndProject
Project("{FAE04EC0-301F-11D3-BF4B-00C04F79EFBC}") = "UniversalSerializer.NET4.5", "..\..\UniversalSerializer Lib .NET 4.5\UniversalSerializer.NET4.5.csproj", "{176785AC-54D0-4425-B900-9BA81707149B}"
EndProject
Global
	GlobalSection(SolutionConfigurationPlatforms) = preSolution
		Debug|Any CPU = Debug|Any CPU
		Release|Any CPU = Release|Any CPU
	EndGlobalSection
	GlobalSection(ProjectConfigurationPlatforms) = postSolution
		{C32E4C35-87AA-4D45-9C2B-423616109A6E}.Debug|Any CPU.ActiveCfg = Debug|Any CPU
		{C32E4C35-87AA-4D45-9C2B-423616109A6E}.Debug|Any CPU.Build.0 = Debug|Any CPU
		{C32E4C35-87AA-4D45-9C2B-423616109A6E}.Release|Any CPU.ActiveCfg = Release|Any CPU
		{C32E4C35-87AA-4D45-9C2B-423616109A6E}.Release|Any CPU.Build.0 = Release|Any CPU
		{8F6F02B1-FE6C-4F70-BB22-7AA493E2C104}.Debug|Any CPU.ActiveCfg = Debug|Any CPU
		{8F6F02B1-FE6C-4F70-BB22-7AA493E2C104}.Debug|Any CPU.Build.0 = Debug|Any CPU
		{8F6F02B1-FE6C-4F70-BB22-7AA493E2C104}.Release|Any CPU.ActiveCfg = Release|Any CPU
		{8F6F02B1-FE6C-4F70-BB22-7AA493E2C104}.Release|Any CPU.Build.0 = Release|Any CPU
		{BE1EF889-2F67-4F08-869C-BA29BED51C46}.Debug|Any CPU.ActiveCfg = Debug|Any CPU
		{BE1EF889-2F67-4F08-869C-BA29BED51C46}.Debug|Any CPU.Build.0 = Debug|Any CPU
		{BE1EF889-2F67-4F08-869C-BA29BED51C46}.Release|Any CPU.ActiveCfg = Release|Any CPU
		{BE1EF889-2F67-4F08-869C-BA29BED51C46}.Release|Any CPU.Build.0 = Release|Any CPU
		{A5EDB910-6272-467B-B90E-A085F5F75B54}.Debug|Any CPU.ActiveCfg = Debug|Any CPU
		{A5EDB910-6272-467B-B90E-A085F5F75B54}.Debug|Any CPU.Build.0 = Debug|Any CPU
		{A5EDB910-6272-467B-B90E-A085F5F75B54}.Release|Any CPU.ActiveCfg = Release|Any CPU
		{A5EDB910-6272-467B-B90E-A085F5F75B54}.Release|Any CPU.Build.0 = Release|Any CPU
		{176785AC-54D0-4425-B900-9BA81707149B}.Debug|Any CPU.ActiveCfg = Debug|Any CPU
		{176785AC-54D0-4425-B900-9BA81707149B}.Debug|Any CPU.Build.0 = Debug|Any CPU
		{176785AC-54D0-4425-B900-9BA81707149B}.Release|Any CPU.ActiveCfg = Release|Any CPU
		{176785AC-54D0-4425-B900-9BA81707149B}.Release|Any CPU.Build.0 = Release|Any CPU
	EndGlobalSection
	GlobalSection(SolutionProperties) = preSolution
		HideSolutionNode = FALSE
	EndGlobalSection
EndGlobal
