
Microsoft Visual Studio Solution File, Format Version 12.00
# Visual Studio 15
VisualStudioVersion = 15.0.27130.2036
MinimumVisualStudioVersion = 10.0.40219.1
Project("{FAE04EC0-301F-11D3-BF4B-00C04F79EFBC}") = "UniversalSerializer 3 for NET 3_5", "..\NET 3.5\UniversalSerializer Lib .NET 3.5\UniversalSerializer 3 for NET 3_5.csproj", "{207E91B1-C9F8-4913-88E1-3549EF5F3273}"
EndProject
Project("{FAE04EC0-301F-11D3-BF4B-00C04F79EFBC}") = "UniversalSerializer 3 for NET 4_0", "..\NET 4.0\UniversalSerializer for NET 4_0\UniversalSerializer 3 for NET 4_0.csproj", "{B51FA340-0331-45A0-B166-0CAFEEDA20C6}"
EndProject
Project("{FAE04EC0-301F-11D3-BF4B-00C04F79EFBC}") = "UniversalSerializer 3 for NET 4_5", "..\NET 4.5\UniversalSerializer for .NET 4.5\UniversalSerializer 3 for NET 4_5.csproj", "{176785AC-54D0-4425-B900-9BA81707149B}"
EndProject
Project("{9A19103F-16F7-4668-BE54-9A1E7A4F7556}") = "UniversalSerializer 3 for NET Core", "..\NET Core 2\UniversalSerializer 3 for NET Core\UniversalSerializer 3 for NET Core.csproj", "{B725D67C-F775-41E4-8A6F-931B72764E22}"
EndProject
Project("{9A19103F-16F7-4668-BE54-9A1E7A4F7556}") = "UniversalSerializer 3 for NET Standard", "..\NET Standard 2\UniversalSerializer 3 for NET Standard.csproj", "{2B42A575-E32D-4943-9B42-3C9F5DFF1A9C}"
EndProject
Project("{FAE04EC0-301F-11D3-BF4B-00C04F79EFBC}") = "UniversalSerializer 3 Android", "..\Android\UniversalSerializer 3 Android\UniversalSerializer 3 Android.csproj", "{C91E5889-9B78-4B9B-B8D0-4931DE7C51A1}"
EndProject
Project("{FAE04EC0-301F-11D3-BF4B-00C04F79EFBC}") = "UniversalSerializer 3 for Windows Forms on NET 3_5", "..\Windows Forms on .NET 3.5\UniversalSerializer Windows Forms for NET 3_5\UniversalSerializer 3 for Windows Forms on NET 3_5.csproj", "{B134D1DC-EBF4-4C8D-A326-517AD16CD7FE}"
EndProject
Project("{FAE04EC0-301F-11D3-BF4B-00C04F79EFBC}") = "UniversalSerializer 3 for Windows Forms on NET 4.0", "..\Windows Forms on .NET 4.0\UniversalSerializer Windows Forms\UniversalSerializer 3 for Windows Forms on NET 4.0.csproj", "{2B204C85-0467-4891-9017-BFB10C5B58DE}"
EndProject
Project("{FAE04EC0-301F-11D3-BF4B-00C04F79EFBC}") = "UniversalSerializer 3 for WPF on NET 4_5", "..\WPF\UniversalSerializer for WPF on NET 4.5\UniversalSerializer 3 for WPF on NET 4_5.csproj", "{8F6F02B1-FE6C-4F70-BB22-7AA493E2C104}"
EndProject
Project("{FAE04EC0-301F-11D3-BF4B-00C04F79EFBC}") = "UniversalSerializer 3 for UWP", "..\UWP\UniversalSerializer UWP\UniversalSerializer 3 for UWP.csproj", "{3F1D53C1-F0DA-4CA7-8452-095F09D80105}"
EndProject
Project("{2150E333-8FDC-42A3-9474-1A3956D46DE8}") = "Solution Items", "Solution Items", "{8587A1A8-3D43-4AC9-84E4-DD7D83249701}"
	ProjectSection(SolutionItems) = preProject
		note.txt = note.txt
	EndProjectSection
EndProject
Project("{FAE04EC0-301F-11D3-BF4B-00C04F79EFBC}") = "Copy DLL files", "Copy DLL files\Copy DLL files.csproj", "{93CDBDA7-D5E7-4CAF-915A-1D01E2ABB920}"
	ProjectSection(ProjectDependencies) = postProject
		{B51FA340-0331-45A0-B166-0CAFEEDA20C6} = {B51FA340-0331-45A0-B166-0CAFEEDA20C6}
		{2B42A575-E32D-4943-9B42-3C9F5DFF1A9C} = {2B42A575-E32D-4943-9B42-3C9F5DFF1A9C}
		{B725D67C-F775-41E4-8A6F-931B72764E22} = {B725D67C-F775-41E4-8A6F-931B72764E22}
		{2B204C85-0467-4891-9017-BFB10C5B58DE} = {2B204C85-0467-4891-9017-BFB10C5B58DE}
		{C91E5889-9B78-4B9B-B8D0-4931DE7C51A1} = {C91E5889-9B78-4B9B-B8D0-4931DE7C51A1}
		{176785AC-54D0-4425-B900-9BA81707149B} = {176785AC-54D0-4425-B900-9BA81707149B}
		{8F6F02B1-FE6C-4F70-BB22-7AA493E2C104} = {8F6F02B1-FE6C-4F70-BB22-7AA493E2C104}
		{207E91B1-C9F8-4913-88E1-3549EF5F3273} = {207E91B1-C9F8-4913-88E1-3549EF5F3273}
		{3F1D53C1-F0DA-4CA7-8452-095F09D80105} = {3F1D53C1-F0DA-4CA7-8452-095F09D80105}
		{B134D1DC-EBF4-4C8D-A326-517AD16CD7FE} = {B134D1DC-EBF4-4C8D-A326-517AD16CD7FE}
	EndProjectSection
EndProject
Global
	GlobalSection(SolutionConfigurationPlatforms) = preSolution
		Debug|Any CPU = Debug|Any CPU
		Debug|ARM = Debug|ARM
		Debug|x64 = Debug|x64
		Debug|x86 = Debug|x86
		Release|Any CPU = Release|Any CPU
		Release|ARM = Release|ARM
		Release|x64 = Release|x64
		Release|x86 = Release|x86
	EndGlobalSection
	GlobalSection(ProjectConfigurationPlatforms) = postSolution
		{207E91B1-C9F8-4913-88E1-3549EF5F3273}.Debug|Any CPU.ActiveCfg = Debug|Any CPU
		{207E91B1-C9F8-4913-88E1-3549EF5F3273}.Debug|Any CPU.Build.0 = Debug|Any CPU
		{207E91B1-C9F8-4913-88E1-3549EF5F3273}.Debug|ARM.ActiveCfg = Debug|Any CPU
		{207E91B1-C9F8-4913-88E1-3549EF5F3273}.Debug|ARM.Build.0 = Debug|Any CPU
		{207E91B1-C9F8-4913-88E1-3549EF5F3273}.Debug|x64.ActiveCfg = Debug|Any CPU
		{207E91B1-C9F8-4913-88E1-3549EF5F3273}.Debug|x64.Build.0 = Debug|Any CPU
		{207E91B1-C9F8-4913-88E1-3549EF5F3273}.Debug|x86.ActiveCfg = Debug|Any CPU
		{207E91B1-C9F8-4913-88E1-3549EF5F3273}.Debug|x86.Build.0 = Debug|Any CPU
		{207E91B1-C9F8-4913-88E1-3549EF5F3273}.Release|Any CPU.ActiveCfg = Release|Any CPU
		{207E91B1-C9F8-4913-88E1-3549EF5F3273}.Release|Any CPU.Build.0 = Release|Any CPU
		{207E91B1-C9F8-4913-88E1-3549EF5F3273}.Release|ARM.ActiveCfg = Release|Any CPU
		{207E91B1-C9F8-4913-88E1-3549EF5F3273}.Release|ARM.Build.0 = Release|Any CPU
		{207E91B1-C9F8-4913-88E1-3549EF5F3273}.Release|x64.ActiveCfg = Release|Any CPU
		{207E91B1-C9F8-4913-88E1-3549EF5F3273}.Release|x64.Build.0 = Release|Any CPU
		{207E91B1-C9F8-4913-88E1-3549EF5F3273}.Release|x86.ActiveCfg = Release|Any CPU
		{207E91B1-C9F8-4913-88E1-3549EF5F3273}.Release|x86.Build.0 = Release|Any CPU
		{B51FA340-0331-45A0-B166-0CAFEEDA20C6}.Debug|Any CPU.ActiveCfg = Debug|Any CPU
		{B51FA340-0331-45A0-B166-0CAFEEDA20C6}.Debug|Any CPU.Build.0 = Debug|Any CPU
		{B51FA340-0331-45A0-B166-0CAFEEDA20C6}.Debug|ARM.ActiveCfg = Debug|Any CPU
		{B51FA340-0331-45A0-B166-0CAFEEDA20C6}.Debug|ARM.Build.0 = Debug|Any CPU
		{B51FA340-0331-45A0-B166-0CAFEEDA20C6}.Debug|x64.ActiveCfg = Debug|Any CPU
		{B51FA340-0331-45A0-B166-0CAFEEDA20C6}.Debug|x64.Build.0 = Debug|Any CPU
		{B51FA340-0331-45A0-B166-0CAFEEDA20C6}.Debug|x86.ActiveCfg = Debug|Any CPU
		{B51FA340-0331-45A0-B166-0CAFEEDA20C6}.Debug|x86.Build.0 = Debug|Any CPU
		{B51FA340-0331-45A0-B166-0CAFEEDA20C6}.Release|Any CPU.ActiveCfg = Release|Any CPU
		{B51FA340-0331-45A0-B166-0CAFEEDA20C6}.Release|Any CPU.Build.0 = Release|Any CPU
		{B51FA340-0331-45A0-B166-0CAFEEDA20C6}.Release|ARM.ActiveCfg = Release|Any CPU
		{B51FA340-0331-45A0-B166-0CAFEEDA20C6}.Release|ARM.Build.0 = Release|Any CPU
		{B51FA340-0331-45A0-B166-0CAFEEDA20C6}.Release|x64.ActiveCfg = Release|Any CPU
		{B51FA340-0331-45A0-B166-0CAFEEDA20C6}.Release|x64.Build.0 = Release|Any CPU
		{B51FA340-0331-45A0-B166-0CAFEEDA20C6}.Release|x86.ActiveCfg = Release|Any CPU
		{B51FA340-0331-45A0-B166-0CAFEEDA20C6}.Release|x86.Build.0 = Release|Any CPU
		{176785AC-54D0-4425-B900-9BA81707149B}.Debug|Any CPU.ActiveCfg = Debug|Any CPU
		{176785AC-54D0-4425-B900-9BA81707149B}.Debug|Any CPU.Build.0 = Debug|Any CPU
		{176785AC-54D0-4425-B900-9BA81707149B}.Debug|ARM.ActiveCfg = Debug|Any CPU
		{176785AC-54D0-4425-B900-9BA81707149B}.Debug|ARM.Build.0 = Debug|Any CPU
		{176785AC-54D0-4425-B900-9BA81707149B}.Debug|x64.ActiveCfg = Debug|Any CPU
		{176785AC-54D0-4425-B900-9BA81707149B}.Debug|x64.Build.0 = Debug|Any CPU
		{176785AC-54D0-4425-B900-9BA81707149B}.Debug|x86.ActiveCfg = Debug|Any CPU
		{176785AC-54D0-4425-B900-9BA81707149B}.Debug|x86.Build.0 = Debug|Any CPU
		{176785AC-54D0-4425-B900-9BA81707149B}.Release|Any CPU.ActiveCfg = Release|Any CPU
		{176785AC-54D0-4425-B900-9BA81707149B}.Release|Any CPU.Build.0 = Release|Any CPU
		{176785AC-54D0-4425-B900-9BA81707149B}.Release|ARM.ActiveCfg = Release|Any CPU
		{176785AC-54D0-4425-B900-9BA81707149B}.Release|ARM.Build.0 = Release|Any CPU
		{176785AC-54D0-4425-B900-9BA81707149B}.Release|x64.ActiveCfg = Release|Any CPU
		{176785AC-54D0-4425-B900-9BA81707149B}.Release|x64.Build.0 = Release|Any CPU
		{176785AC-54D0-4425-B900-9BA81707149B}.Release|x86.ActiveCfg = Release|Any CPU
		{176785AC-54D0-4425-B900-9BA81707149B}.Release|x86.Build.0 = Release|Any CPU
		{B725D67C-F775-41E4-8A6F-931B72764E22}.Debug|Any CPU.ActiveCfg = Debug|Any CPU
		{B725D67C-F775-41E4-8A6F-931B72764E22}.Debug|Any CPU.Build.0 = Debug|Any CPU
		{B725D67C-F775-41E4-8A6F-931B72764E22}.Debug|ARM.ActiveCfg = Debug|Any CPU
		{B725D67C-F775-41E4-8A6F-931B72764E22}.Debug|ARM.Build.0 = Debug|Any CPU
		{B725D67C-F775-41E4-8A6F-931B72764E22}.Debug|x64.ActiveCfg = Debug|Any CPU
		{B725D67C-F775-41E4-8A6F-931B72764E22}.Debug|x64.Build.0 = Debug|Any CPU
		{B725D67C-F775-41E4-8A6F-931B72764E22}.Debug|x86.ActiveCfg = Debug|Any CPU
		{B725D67C-F775-41E4-8A6F-931B72764E22}.Debug|x86.Build.0 = Debug|Any CPU
		{B725D67C-F775-41E4-8A6F-931B72764E22}.Release|Any CPU.ActiveCfg = Release|Any CPU
		{B725D67C-F775-41E4-8A6F-931B72764E22}.Release|Any CPU.Build.0 = Release|Any CPU
		{B725D67C-F775-41E4-8A6F-931B72764E22}.Release|ARM.ActiveCfg = Release|Any CPU
		{B725D67C-F775-41E4-8A6F-931B72764E22}.Release|ARM.Build.0 = Release|Any CPU
		{B725D67C-F775-41E4-8A6F-931B72764E22}.Release|x64.ActiveCfg = Release|Any CPU
		{B725D67C-F775-41E4-8A6F-931B72764E22}.Release|x64.Build.0 = Release|Any CPU
		{B725D67C-F775-41E4-8A6F-931B72764E22}.Release|x86.ActiveCfg = Release|Any CPU
		{B725D67C-F775-41E4-8A6F-931B72764E22}.Release|x86.Build.0 = Release|Any CPU
		{2B42A575-E32D-4943-9B42-3C9F5DFF1A9C}.Debug|Any CPU.ActiveCfg = Debug|Any CPU
		{2B42A575-E32D-4943-9B42-3C9F5DFF1A9C}.Debug|Any CPU.Build.0 = Debug|Any CPU
		{2B42A575-E32D-4943-9B42-3C9F5DFF1A9C}.Debug|ARM.ActiveCfg = Debug|Any CPU
		{2B42A575-E32D-4943-9B42-3C9F5DFF1A9C}.Debug|ARM.Build.0 = Debug|Any CPU
		{2B42A575-E32D-4943-9B42-3C9F5DFF1A9C}.Debug|x64.ActiveCfg = Debug|Any CPU
		{2B42A575-E32D-4943-9B42-3C9F5DFF1A9C}.Debug|x64.Build.0 = Debug|Any CPU
		{2B42A575-E32D-4943-9B42-3C9F5DFF1A9C}.Debug|x86.ActiveCfg = Debug|Any CPU
		{2B42A575-E32D-4943-9B42-3C9F5DFF1A9C}.Debug|x86.Build.0 = Debug|Any CPU
		{2B42A575-E32D-4943-9B42-3C9F5DFF1A9C}.Release|Any CPU.ActiveCfg = Release|Any CPU
		{2B42A575-E32D-4943-9B42-3C9F5DFF1A9C}.Release|Any CPU.Build.0 = Release|Any CPU
		{2B42A575-E32D-4943-9B42-3C9F5DFF1A9C}.Release|ARM.ActiveCfg = Release|Any CPU
		{2B42A575-E32D-4943-9B42-3C9F5DFF1A9C}.Release|ARM.Build.0 = Release|Any CPU
		{2B42A575-E32D-4943-9B42-3C9F5DFF1A9C}.Release|x64.ActiveCfg = Release|Any CPU
		{2B42A575-E32D-4943-9B42-3C9F5DFF1A9C}.Release|x64.Build.0 = Release|Any CPU
		{2B42A575-E32D-4943-9B42-3C9F5DFF1A9C}.Release|x86.ActiveCfg = Release|Any CPU
		{2B42A575-E32D-4943-9B42-3C9F5DFF1A9C}.Release|x86.Build.0 = Release|Any CPU
		{C91E5889-9B78-4B9B-B8D0-4931DE7C51A1}.Debug|Any CPU.ActiveCfg = Debug|Any CPU
		{C91E5889-9B78-4B9B-B8D0-4931DE7C51A1}.Debug|Any CPU.Build.0 = Debug|Any CPU
		{C91E5889-9B78-4B9B-B8D0-4931DE7C51A1}.Debug|ARM.ActiveCfg = Debug|Any CPU
		{C91E5889-9B78-4B9B-B8D0-4931DE7C51A1}.Debug|ARM.Build.0 = Debug|Any CPU
		{C91E5889-9B78-4B9B-B8D0-4931DE7C51A1}.Debug|x64.ActiveCfg = Debug|Any CPU
		{C91E5889-9B78-4B9B-B8D0-4931DE7C51A1}.Debug|x64.Build.0 = Debug|Any CPU
		{C91E5889-9B78-4B9B-B8D0-4931DE7C51A1}.Debug|x86.ActiveCfg = Debug|Any CPU
		{C91E5889-9B78-4B9B-B8D0-4931DE7C51A1}.Debug|x86.Build.0 = Debug|Any CPU
		{C91E5889-9B78-4B9B-B8D0-4931DE7C51A1}.Release|Any CPU.ActiveCfg = Release|Any CPU
		{C91E5889-9B78-4B9B-B8D0-4931DE7C51A1}.Release|Any CPU.Build.0 = Release|Any CPU
		{C91E5889-9B78-4B9B-B8D0-4931DE7C51A1}.Release|ARM.ActiveCfg = Release|Any CPU
		{C91E5889-9B78-4B9B-B8D0-4931DE7C51A1}.Release|ARM.Build.0 = Release|Any CPU
		{C91E5889-9B78-4B9B-B8D0-4931DE7C51A1}.Release|x64.ActiveCfg = Release|Any CPU
		{C91E5889-9B78-4B9B-B8D0-4931DE7C51A1}.Release|x64.Build.0 = Release|Any CPU
		{C91E5889-9B78-4B9B-B8D0-4931DE7C51A1}.Release|x86.ActiveCfg = Release|Any CPU
		{C91E5889-9B78-4B9B-B8D0-4931DE7C51A1}.Release|x86.Build.0 = Release|Any CPU
		{B134D1DC-EBF4-4C8D-A326-517AD16CD7FE}.Debug|Any CPU.ActiveCfg = Debug|Any CPU
		{B134D1DC-EBF4-4C8D-A326-517AD16CD7FE}.Debug|Any CPU.Build.0 = Debug|Any CPU
		{B134D1DC-EBF4-4C8D-A326-517AD16CD7FE}.Debug|ARM.ActiveCfg = Debug|Any CPU
		{B134D1DC-EBF4-4C8D-A326-517AD16CD7FE}.Debug|ARM.Build.0 = Debug|Any CPU
		{B134D1DC-EBF4-4C8D-A326-517AD16CD7FE}.Debug|x64.ActiveCfg = Debug|Any CPU
		{B134D1DC-EBF4-4C8D-A326-517AD16CD7FE}.Debug|x64.Build.0 = Debug|Any CPU
		{B134D1DC-EBF4-4C8D-A326-517AD16CD7FE}.Debug|x86.ActiveCfg = Debug|Any CPU
		{B134D1DC-EBF4-4C8D-A326-517AD16CD7FE}.Debug|x86.Build.0 = Debug|Any CPU
		{B134D1DC-EBF4-4C8D-A326-517AD16CD7FE}.Release|Any CPU.ActiveCfg = Release|Any CPU
		{B134D1DC-EBF4-4C8D-A326-517AD16CD7FE}.Release|Any CPU.Build.0 = Release|Any CPU
		{B134D1DC-EBF4-4C8D-A326-517AD16CD7FE}.Release|ARM.ActiveCfg = Release|Any CPU
		{B134D1DC-EBF4-4C8D-A326-517AD16CD7FE}.Release|ARM.Build.0 = Release|Any CPU
		{B134D1DC-EBF4-4C8D-A326-517AD16CD7FE}.Release|x64.ActiveCfg = Release|Any CPU
		{B134D1DC-EBF4-4C8D-A326-517AD16CD7FE}.Release|x64.Build.0 = Release|Any CPU
		{B134D1DC-EBF4-4C8D-A326-517AD16CD7FE}.Release|x86.ActiveCfg = Release|Any CPU
		{B134D1DC-EBF4-4C8D-A326-517AD16CD7FE}.Release|x86.Build.0 = Release|Any CPU
		{2B204C85-0467-4891-9017-BFB10C5B58DE}.Debug|Any CPU.ActiveCfg = Debug|Any CPU
		{2B204C85-0467-4891-9017-BFB10C5B58DE}.Debug|Any CPU.Build.0 = Debug|Any CPU
		{2B204C85-0467-4891-9017-BFB10C5B58DE}.Debug|ARM.ActiveCfg = Debug|Any CPU
		{2B204C85-0467-4891-9017-BFB10C5B58DE}.Debug|ARM.Build.0 = Debug|Any CPU
		{2B204C85-0467-4891-9017-BFB10C5B58DE}.Debug|x64.ActiveCfg = Debug|Any CPU
		{2B204C85-0467-4891-9017-BFB10C5B58DE}.Debug|x64.Build.0 = Debug|Any CPU
		{2B204C85-0467-4891-9017-BFB10C5B58DE}.Debug|x86.ActiveCfg = Debug|Any CPU
		{2B204C85-0467-4891-9017-BFB10C5B58DE}.Debug|x86.Build.0 = Debug|Any CPU
		{2B204C85-0467-4891-9017-BFB10C5B58DE}.Release|Any CPU.ActiveCfg = Release|Any CPU
		{2B204C85-0467-4891-9017-BFB10C5B58DE}.Release|Any CPU.Build.0 = Release|Any CPU
		{2B204C85-0467-4891-9017-BFB10C5B58DE}.Release|ARM.ActiveCfg = Release|Any CPU
		{2B204C85-0467-4891-9017-BFB10C5B58DE}.Release|ARM.Build.0 = Release|Any CPU
		{2B204C85-0467-4891-9017-BFB10C5B58DE}.Release|x64.ActiveCfg = Release|Any CPU
		{2B204C85-0467-4891-9017-BFB10C5B58DE}.Release|x64.Build.0 = Release|Any CPU
		{2B204C85-0467-4891-9017-BFB10C5B58DE}.Release|x86.ActiveCfg = Release|Any CPU
		{2B204C85-0467-4891-9017-BFB10C5B58DE}.Release|x86.Build.0 = Release|Any CPU
		{8F6F02B1-FE6C-4F70-BB22-7AA493E2C104}.Debug|Any CPU.ActiveCfg = Debug|Any CPU
		{8F6F02B1-FE6C-4F70-BB22-7AA493E2C104}.Debug|Any CPU.Build.0 = Debug|Any CPU
		{8F6F02B1-FE6C-4F70-BB22-7AA493E2C104}.Debug|ARM.ActiveCfg = Debug|Any CPU
		{8F6F02B1-FE6C-4F70-BB22-7AA493E2C104}.Debug|ARM.Build.0 = Debug|Any CPU
		{8F6F02B1-FE6C-4F70-BB22-7AA493E2C104}.Debug|x64.ActiveCfg = Debug|Any CPU
		{8F6F02B1-FE6C-4F70-BB22-7AA493E2C104}.Debug|x64.Build.0 = Debug|Any CPU
		{8F6F02B1-FE6C-4F70-BB22-7AA493E2C104}.Debug|x86.ActiveCfg = Debug|Any CPU
		{8F6F02B1-FE6C-4F70-BB22-7AA493E2C104}.Debug|x86.Build.0 = Debug|Any CPU
		{8F6F02B1-FE6C-4F70-BB22-7AA493E2C104}.Release|Any CPU.ActiveCfg = Release|Any CPU
		{8F6F02B1-FE6C-4F70-BB22-7AA493E2C104}.Release|Any CPU.Build.0 = Release|Any CPU
		{8F6F02B1-FE6C-4F70-BB22-7AA493E2C104}.Release|ARM.ActiveCfg = Release|Any CPU
		{8F6F02B1-FE6C-4F70-BB22-7AA493E2C104}.Release|ARM.Build.0 = Release|Any CPU
		{8F6F02B1-FE6C-4F70-BB22-7AA493E2C104}.Release|x64.ActiveCfg = Release|Any CPU
		{8F6F02B1-FE6C-4F70-BB22-7AA493E2C104}.Release|x64.Build.0 = Release|Any CPU
		{8F6F02B1-FE6C-4F70-BB22-7AA493E2C104}.Release|x86.ActiveCfg = Release|Any CPU
		{8F6F02B1-FE6C-4F70-BB22-7AA493E2C104}.Release|x86.Build.0 = Release|Any CPU
		{3F1D53C1-F0DA-4CA7-8452-095F09D80105}.Debug|Any CPU.ActiveCfg = Debug|Any CPU
		{3F1D53C1-F0DA-4CA7-8452-095F09D80105}.Debug|Any CPU.Build.0 = Debug|Any CPU
		{3F1D53C1-F0DA-4CA7-8452-095F09D80105}.Debug|ARM.ActiveCfg = Debug|ARM
		{3F1D53C1-F0DA-4CA7-8452-095F09D80105}.Debug|ARM.Build.0 = Debug|ARM
		{3F1D53C1-F0DA-4CA7-8452-095F09D80105}.Debug|x64.ActiveCfg = Debug|x64
		{3F1D53C1-F0DA-4CA7-8452-095F09D80105}.Debug|x64.Build.0 = Debug|x64
		{3F1D53C1-F0DA-4CA7-8452-095F09D80105}.Debug|x86.ActiveCfg = Debug|x86
		{3F1D53C1-F0DA-4CA7-8452-095F09D80105}.Debug|x86.Build.0 = Debug|x86
		{3F1D53C1-F0DA-4CA7-8452-095F09D80105}.Release|Any CPU.ActiveCfg = Release|Any CPU
		{3F1D53C1-F0DA-4CA7-8452-095F09D80105}.Release|Any CPU.Build.0 = Release|Any CPU
		{3F1D53C1-F0DA-4CA7-8452-095F09D80105}.Release|ARM.ActiveCfg = Release|ARM
		{3F1D53C1-F0DA-4CA7-8452-095F09D80105}.Release|ARM.Build.0 = Release|ARM
		{3F1D53C1-F0DA-4CA7-8452-095F09D80105}.Release|x64.ActiveCfg = Release|x64
		{3F1D53C1-F0DA-4CA7-8452-095F09D80105}.Release|x64.Build.0 = Release|x64
		{3F1D53C1-F0DA-4CA7-8452-095F09D80105}.Release|x86.ActiveCfg = Release|x86
		{3F1D53C1-F0DA-4CA7-8452-095F09D80105}.Release|x86.Build.0 = Release|x86
		{93CDBDA7-D5E7-4CAF-915A-1D01E2ABB920}.Debug|Any CPU.ActiveCfg = Debug|Any CPU
		{93CDBDA7-D5E7-4CAF-915A-1D01E2ABB920}.Debug|Any CPU.Build.0 = Debug|Any CPU
		{93CDBDA7-D5E7-4CAF-915A-1D01E2ABB920}.Debug|ARM.ActiveCfg = Debug|Any CPU
		{93CDBDA7-D5E7-4CAF-915A-1D01E2ABB920}.Debug|ARM.Build.0 = Debug|Any CPU
		{93CDBDA7-D5E7-4CAF-915A-1D01E2ABB920}.Debug|x64.ActiveCfg = Debug|Any CPU
		{93CDBDA7-D5E7-4CAF-915A-1D01E2ABB920}.Debug|x64.Build.0 = Debug|Any CPU
		{93CDBDA7-D5E7-4CAF-915A-1D01E2ABB920}.Debug|x86.ActiveCfg = Debug|Any CPU
		{93CDBDA7-D5E7-4CAF-915A-1D01E2ABB920}.Debug|x86.Build.0 = Debug|Any CPU
		{93CDBDA7-D5E7-4CAF-915A-1D01E2ABB920}.Release|Any CPU.ActiveCfg = Release|Any CPU
		{93CDBDA7-D5E7-4CAF-915A-1D01E2ABB920}.Release|Any CPU.Build.0 = Release|Any CPU
		{93CDBDA7-D5E7-4CAF-915A-1D01E2ABB920}.Release|ARM.ActiveCfg = Release|Any CPU
		{93CDBDA7-D5E7-4CAF-915A-1D01E2ABB920}.Release|ARM.Build.0 = Release|Any CPU
		{93CDBDA7-D5E7-4CAF-915A-1D01E2ABB920}.Release|x64.ActiveCfg = Release|Any CPU
		{93CDBDA7-D5E7-4CAF-915A-1D01E2ABB920}.Release|x64.Build.0 = Release|Any CPU
		{93CDBDA7-D5E7-4CAF-915A-1D01E2ABB920}.Release|x86.ActiveCfg = Release|Any CPU
		{93CDBDA7-D5E7-4CAF-915A-1D01E2ABB920}.Release|x86.Build.0 = Release|Any CPU
	EndGlobalSection
	GlobalSection(SolutionProperties) = preSolution
		HideSolutionNode = FALSE
	EndGlobalSection
	GlobalSection(ExtensibilityGlobals) = postSolution
		SolutionGuid = {66184C24-8155-496A-894F-BD8C3E609805}
	EndGlobalSection
EndGlobal
