
Microsoft Visual Studio Solution File, Format Version 12.00
# Visual Studio 2012
Project("{FAE04EC0-301F-11D3-BF4B-00C04F79EFBC}") = "UniversalSerializer.NET4.5", "UniversalSerializer.NET4.5.csproj", "{176785AC-54D0-4425-B900-9BA81707149B}"
EndProject
Global
	GlobalSection(SolutionConfigurationPlatforms) = preSolution
		Debug|Any CPU = Debug|Any CPU
		Release|Any CPU = Release|Any CPU
	EndGlobalSection
	GlobalSection(ProjectConfigurationPlatforms) = postSolution
		{176785AC-54D0-4425-B900-9BA81707149B}.Debug|Any CPU.ActiveCfg = Debug|Any CPU
		{176785AC-54D0-4425-B900-9BA81707149B}.Debug|Any CPU.Build.0 = Debug|Any CPU
		{176785AC-54D0-4425-B900-9BA81707149B}.Release|Any CPU.ActiveCfg = Release|Any CPU
		{176785AC-54D0-4425-B900-9BA81707149B}.Release|Any CPU.Build.0 = Release|Any CPU
	EndGlobalSection
	GlobalSection(SolutionProperties) = preSolution
		HideSolutionNode = FALSE
	EndGlobalSection
EndGlobal
