
Microsoft Visual Studio Solution File, Format Version 12.00
# Visual Studio 2012
Project("{FAE04EC0-301F-11D3-BF4B-00C04F79EFBC}") = "UniversalSerializer", "..\UniversalSerializer Lib\UniversalSerializer.csproj", "{207E91B1-C9F8-4913-88E1-3549EF5F3273}"
EndProject
Project("{FAE04EC0-301F-11D3-BF4B-00C04F79EFBC}") = "UniversalSerializerPortableLib", "..\UniversalSerializerPortableLib\UniversalSerializerPortableLib.csproj", "{F0A74492-DC29-4144-A0E7-8F5CAA5F27E9}"
EndProject
Project("{FAE04EC0-301F-11D3-BF4B-00C04F79EFBC}") = "UniversalSerializerWinForm", "..\UniversalSerializerWinForm\UniversalSerializerWinForm\UniversalSerializerWinForm.csproj", "{B134D1DC-EBF4-4C8D-A326-517AD16CD7FE}"
EndProject
Project("{FAE04EC0-301F-11D3-BF4B-00C04F79EFBC}") = "UniversalSerializerWPF", "..\UniversalSerializerWPF\UniversalSerializerWPF.csproj", "{8F6F02B1-FE6C-4F70-BB22-7AA493E2C104}"
EndProject
Project("{FAE04EC0-301F-11D3-BF4B-00C04F79EFBC}") = "UniversalSerializer.NET4.5", "..\UniversalSerializer Lib .NET 4.5\UniversalSerializer.NET4.5.csproj", "{176785AC-54D0-4425-B900-9BA81707149B}"
EndProject
Global
	GlobalSection(SolutionConfigurationPlatforms) = preSolution
		Debug|Any CPU = Debug|Any CPU
		Release|Any CPU = Release|Any CPU
	EndGlobalSection
	GlobalSection(ProjectConfigurationPlatforms) = postSolution
		{207E91B1-C9F8-4913-88E1-3549EF5F3273}.Debug|Any CPU.ActiveCfg = Debug|Any CPU
		{207E91B1-C9F8-4913-88E1-3549EF5F3273}.Debug|Any CPU.Build.0 = Debug|Any CPU
		{207E91B1-C9F8-4913-88E1-3549EF5F3273}.Release|Any CPU.ActiveCfg = Release|Any CPU
		{207E91B1-C9F8-4913-88E1-3549EF5F3273}.Release|Any CPU.Build.0 = Release|Any CPU
		{F0A74492-DC29-4144-A0E7-8F5CAA5F27E9}.Debug|Any CPU.ActiveCfg = Debug|Any CPU
		{F0A74492-DC29-4144-A0E7-8F5CAA5F27E9}.Debug|Any CPU.Build.0 = Debug|Any CPU
		{F0A74492-DC29-4144-A0E7-8F5CAA5F27E9}.Release|Any CPU.ActiveCfg = Release|Any CPU
		{F0A74492-DC29-4144-A0E7-8F5CAA5F27E9}.Release|Any CPU.Build.0 = Release|Any CPU
		{B134D1DC-EBF4-4C8D-A326-517AD16CD7FE}.Debug|Any CPU.ActiveCfg = Debug|Any CPU
		{B134D1DC-EBF4-4C8D-A326-517AD16CD7FE}.Debug|Any CPU.Build.0 = Debug|Any CPU
		{B134D1DC-EBF4-4C8D-A326-517AD16CD7FE}.Release|Any CPU.ActiveCfg = Release|Any CPU
		{B134D1DC-EBF4-4C8D-A326-517AD16CD7FE}.Release|Any CPU.Build.0 = Release|Any CPU
		{8F6F02B1-FE6C-4F70-BB22-7AA493E2C104}.Debug|Any CPU.ActiveCfg = Debug|Any CPU
		{8F6F02B1-FE6C-4F70-BB22-7AA493E2C104}.Debug|Any CPU.Build.0 = Debug|Any CPU
		{8F6F02B1-FE6C-4F70-BB22-7AA493E2C104}.Release|Any CPU.ActiveCfg = Release|Any CPU
		{8F6F02B1-FE6C-4F70-BB22-7AA493E2C104}.Release|Any CPU.Build.0 = Release|Any CPU
		{176785AC-54D0-4425-B900-9BA81707149B}.Debug|Any CPU.ActiveCfg = Debug|Any CPU
		{176785AC-54D0-4425-B900-9BA81707149B}.Debug|Any CPU.Build.0 = Debug|Any CPU
		{176785AC-54D0-4425-B900-9BA81707149B}.Release|Any CPU.ActiveCfg = Release|Any CPU
		{176785AC-54D0-4425-B900-9BA81707149B}.Release|Any CPU.Build.0 = Release|Any CPU
	EndGlobalSection
	GlobalSection(SolutionProperties) = preSolution
		HideSolutionNode = FALSE
	EndGlobalSection
EndGlobal
